PODS:
  - GoogleMaps (7.4.0):
    - GoogleMaps/Maps (= 7.4.0)
  - GoogleMaps/Base (7.4.0)
  - GoogleMaps/Maps (7.4.0):
    - GoogleMaps/Base

DEPENDENCIES:
  - GoogleMaps

SPEC REPOS:
  trunk:
    - GoogleMaps

SPEC CHECKSUMS:
  GoogleMaps: 032f676450ba0779bd8ce16840690915f84e57ac

PODFILE CHECKSUM: d907fd1f604b2e84917184c0109ce2589807f45e

COCOAPODS: 1.11.3
