// !$*UTF8*$!
{
	archiveVersion = 1;
	classes = {
	};
	objectVersion = 56;
	objects = {

/* Begin PBXBuildFile section */
		520028EC2B3ABA5F00E28725 /* AboutViewController.swift in Sources */ = {isa = PBXBuildFile; fileRef = 520028EB2B3ABA5F00E28725 /* AboutViewController.swift */; };
		520028F02B3AC64E00E28725 /* SearchModel.swift in Sources */ = {isa = PBXBuildFile; fileRef = 520028EF2B3AC64E00E28725 /* SearchModel.swift */; };
		52052F1D2B22FDE300E32F88 /* DetailModel.swift in Sources */ = {isa = PBXBuildFile; fileRef = 52052F1C2B22FDE300E32F88 /* DetailModel.swift */; };
		520A08492AD6C0560032DE06 /* SignupModel.swift in Sources */ = {isa = PBXBuildFile; fileRef = 520A08482AD6C0560032DE06 /* SignupModel.swift */; };
		520A084C2AD6C0CE0032DE06 /* SignupViewModel.swift in Sources */ = {isa = PBXBuildFile; fileRef = 520A084B2AD6C0CE0032DE06 /* SignupViewModel.swift */; };
		521A180E2A9F10B8001E290E /* Popup.storyboard in Resources */ = {isa = PBXBuildFile; fileRef = 521A180D2A9F10B8001E290E /* Popup.storyboard */; };
		521A18112A9F111B001E290E /* FilterViewController.swift in Sources */ = {isa = PBXBuildFile; fileRef = 521A18102A9F111B001E290E /* FilterViewController.swift */; };
		521A18152A9F23D7001E290E /* SplashViewController.swift in Sources */ = {isa = PBXBuildFile; fileRef = 521A18142A9F23D7001E290E /* SplashViewController.swift */; };
		521C8CDF2AAAEEB9009B673A /* ButtonsView.swift in Sources */ = {isa = PBXBuildFile; fileRef = 521C8CDD2AAAEEB8009B673A /* ButtonsView.swift */; };
		521C8CE02AAAEEB9009B673A /* ButtonsView.xib in Resources */ = {isa = PBXBuildFile; fileRef = 521C8CDE2AAAEEB9009B673A /* ButtonsView.xib */; };
		521C8CE52AAAF488009B673A /* CategorySourcesViewController.swift in Sources */ = {isa = PBXBuildFile; fileRef = 521C8CE42AAAF488009B673A /* CategorySourcesViewController.swift */; };
		521C8CE72AAAF65C009B673A /* SourcesViewController.swift in Sources */ = {isa = PBXBuildFile; fileRef = 521C8CE62AAAF65C009B673A /* SourcesViewController.swift */; };
		521C8CED2AAB028D009B673A /* SelectedCategoryTableViewCell.swift in Sources */ = {isa = PBXBuildFile; fileRef = 521C8CEB2AAB028D009B673A /* SelectedCategoryTableViewCell.swift */; };
		521C8CEE2AAB028D009B673A /* SelectedCategoryTableViewCell.xib in Resources */ = {isa = PBXBuildFile; fileRef = 521C8CEC2AAB028D009B673A /* SelectedCategoryTableViewCell.xib */; };
		521C8CF02AAB03D2009B673A /* MyCategoryViewController.swift in Sources */ = {isa = PBXBuildFile; fileRef = 521C8CEF2AAB03D2009B673A /* MyCategoryViewController.swift */; };
		521C8CF42AAB08B8009B673A /* MySourcesViewController.swift in Sources */ = {isa = PBXBuildFile; fileRef = 521C8CF32AAB08B8009B673A /* MySourcesViewController.swift */; };
		522B466B2AA70BC1005F2909 /* CategoriesViewController.swift in Sources */ = {isa = PBXBuildFile; fileRef = 522B466A2AA70BC1005F2909 /* CategoriesViewController.swift */; };
		522B466F2AA70DB6005F2909 /* CategoriesTableViewCell.swift in Sources */ = {isa = PBXBuildFile; fileRef = 522B466D2AA70DB6005F2909 /* CategoriesTableViewCell.swift */; };
		522B46702AA70DB6005F2909 /* CategoriesTableViewCell.xib in Resources */ = {isa = PBXBuildFile; fileRef = 522B466E2AA70DB6005F2909 /* CategoriesTableViewCell.xib */; };
		522C98562AD55D940099A05E /* ProfileTableViewCell.swift in Sources */ = {isa = PBXBuildFile; fileRef = 522C98532AD55D930099A05E /* ProfileTableViewCell.swift */; };
		522C98572AD55D940099A05E /* ProfileTableViewCell.xib in Resources */ = {isa = PBXBuildFile; fileRef = 522C98542AD55D930099A05E /* ProfileTableViewCell.xib */; };
		522C98582AD55D940099A05E /* ProfileViewController.swift in Sources */ = {isa = PBXBuildFile; fileRef = 522C98552AD55D930099A05E /* ProfileViewController.swift */; };
		522C985A2AD563FA0099A05E /* OTPViewController.swift in Sources */ = {isa = PBXBuildFile; fileRef = 522C98592AD563FA0099A05E /* OTPViewController.swift */; };
		5246487C2AA71E43004360DC /* SettingsTableViewController.swift in Sources */ = {isa = PBXBuildFile; fileRef = 5246487B2AA71E43004360DC /* SettingsTableViewController.swift */; };
		5246487E2AA7224E004360DC /* Settings.storyboard in Resources */ = {isa = PBXBuildFile; fileRef = 5246487D2AA7224E004360DC /* Settings.storyboard */; };
		524648812AA7243D004360DC /* WishlisViewController.swift in Sources */ = {isa = PBXBuildFile; fileRef = 524648802AA7243D004360DC /* WishlisViewController.swift */; };
		524FB47B2B32E3D90020A8CA /* ChangePasswordViewModel.swift in Sources */ = {isa = PBXBuildFile; fileRef = 524FB47A2B32E3D90020A8CA /* ChangePasswordViewModel.swift */; };
		524FB47E2B32F1BC0020A8CA /* ChangePasswordViewController.swift in Sources */ = {isa = PBXBuildFile; fileRef = 524FB47D2B32F1BC0020A8CA /* ChangePasswordViewController.swift */; };
		524FB4802B32FDBB0020A8CA /* AlertViewModel.swift in Sources */ = {isa = PBXBuildFile; fileRef = 524FB47F2B32FDBB0020A8CA /* AlertViewModel.swift */; };
		524FB4842B330F990020A8CA /* GoogleService-Info.plist in Resources */ = {isa = PBXBuildFile; fileRef = 524FB4832B330F990020A8CA /* GoogleService-Info.plist */; };
		526C2E9C2A9F56BD0032EF94 /* BaseViewController.swift in Sources */ = {isa = PBXBuildFile; fileRef = 526C2E9B2A9F56BD0032EF94 /* BaseViewController.swift */; };
		526C2EA02A9F57BB0032EF94 /* DetailViewController.swift in Sources */ = {isa = PBXBuildFile; fileRef = 526C2E9F2A9F57BB0032EF94 /* DetailViewController.swift */; };
		526FAC2C2AD90FC3009828A3 /* HomeModel.swift in Sources */ = {isa = PBXBuildFile; fileRef = 526FAC2B2AD90FC3009828A3 /* HomeModel.swift */; };
		5276CCA32A9DE4CB004558F5 /* HomeViewModel.swift in Sources */ = {isa = PBXBuildFile; fileRef = 5276CCA22A9DE4CB004558F5 /* HomeViewModel.swift */; };
		527754A32A9C80EF0072222E /* AppDelegate.swift in Sources */ = {isa = PBXBuildFile; fileRef = 527754A22A9C80EF0072222E /* AppDelegate.swift */; };
		527754A52A9C80EF0072222E /* SceneDelegate.swift in Sources */ = {isa = PBXBuildFile; fileRef = 527754A42A9C80EF0072222E /* SceneDelegate.swift */; };
		527754AC2A9C80F10072222E /* Assets.xcassets in Resources */ = {isa = PBXBuildFile; fileRef = 527754AB2A9C80F10072222E /* Assets.xcassets */; };
		527754AF2A9C80F10072222E /* LaunchScreen.storyboard in Resources */ = {isa = PBXBuildFile; fileRef = 527754AD2A9C80F10072222E /* LaunchScreen.storyboard */; };
		527754C52A9C82FB0072222E /* Constants.swift in Sources */ = {isa = PBXBuildFile; fileRef = 527754BC2A9C82FA0072222E /* Constants.swift */; };
		527754C62A9C82FB0072222E /* Switcher.swift in Sources */ = {isa = PBXBuildFile; fileRef = 527754BD2A9C82FA0072222E /* Switcher.swift */; };
		527754C82A9C82FB0072222E /* Extensions.swift in Sources */ = {isa = PBXBuildFile; fileRef = 527754BF2A9C82FA0072222E /* Extensions.swift */; };
		527754C92A9C82FB0072222E /* Storyboard.swift in Sources */ = {isa = PBXBuildFile; fileRef = 527754C02A9C82FA0072222E /* Storyboard.swift */; };
		527754CA2A9C82FB0072222E /* IBDesignableExtensions.swift in Sources */ = {isa = PBXBuildFile; fileRef = 527754C12A9C82FA0072222E /* IBDesignableExtensions.swift */; };
		527754CB2A9C82FB0072222E /* UserDefaults+Extension.swift in Sources */ = {isa = PBXBuildFile; fileRef = 527754C22A9C82FA0072222E /* UserDefaults+Extension.swift */; };
		527754CC2A9C82FB0072222E /* Helper.swift in Sources */ = {isa = PBXBuildFile; fileRef = 527754C32A9C82FA0072222E /* Helper.swift */; };
		527754CD2A9C82FB0072222E /* Color.swift in Sources */ = {isa = PBXBuildFile; fileRef = 527754C42A9C82FA0072222E /* Color.swift */; };
		527754D32A9C864C0072222E /* LoginViewController.swift in Sources */ = {isa = PBXBuildFile; fileRef = 527754D22A9C864C0072222E /* LoginViewController.swift */; };
		527754DD2A9C90990072222E /* manrope-extrabold.otf in Resources */ = {isa = PBXBuildFile; fileRef = 527754D72A9C90990072222E /* manrope-extrabold.otf */; };
		527754DE2A9C90990072222E /* manrope-light.otf in Resources */ = {isa = PBXBuildFile; fileRef = 527754D82A9C90990072222E /* manrope-light.otf */; };
		527754DF2A9C90990072222E /* manrope-regular.otf in Resources */ = {isa = PBXBuildFile; fileRef = 527754D92A9C90990072222E /* manrope-regular.otf */; };
		527754E02A9C90990072222E /* manrope-bold.otf in Resources */ = {isa = PBXBuildFile; fileRef = 527754DA2A9C90990072222E /* manrope-bold.otf */; };
		527754E12A9C90990072222E /* manrope-thin.otf in Resources */ = {isa = PBXBuildFile; fileRef = 527754DB2A9C90990072222E /* manrope-thin.otf */; };
		527754E22A9C90990072222E /* manrope-medium.otf in Resources */ = {isa = PBXBuildFile; fileRef = 527754DC2A9C90990072222E /* manrope-medium.otf */; };
		527754E42A9C91C90072222E /* manrope-semibold.otf in Resources */ = {isa = PBXBuildFile; fileRef = 527754E32A9C91C90072222E /* manrope-semibold.otf */; };
		527754E72A9CAF1A0072222E /* SigninViewController.swift in Sources */ = {isa = PBXBuildFile; fileRef = 527754E62A9CAF1A0072222E /* SigninViewController.swift */; };
		527754ED2A9CB9240072222E /* TabbarViewController.swift in Sources */ = {isa = PBXBuildFile; fileRef = 527754EC2A9CB9240072222E /* TabbarViewController.swift */; };
		528855F42B3EE422008B5130 /* PrivacyViewController.swift in Sources */ = {isa = PBXBuildFile; fileRef = 528855F32B3EE422008B5130 /* PrivacyViewController.swift */; };
		528C8F682AA087580056F056 /* DetailViewModel.swift in Sources */ = {isa = PBXBuildFile; fileRef = 528C8F672AA087580056F056 /* DetailViewModel.swift */; };
		528C8F712AA0A15D0056F056 /* CompareTableViewCell.swift in Sources */ = {isa = PBXBuildFile; fileRef = 528C8F6F2AA0A15D0056F056 /* CompareTableViewCell.swift */; };
		528C8F722AA0A15D0056F056 /* CompareTableViewCell.xib in Resources */ = {isa = PBXBuildFile; fileRef = 528C8F702AA0A15D0056F056 /* CompareTableViewCell.xib */; };
		528EA8DB2AA1E275009264C2 /* ReviewTableViewCell.swift in Sources */ = {isa = PBXBuildFile; fileRef = 528EA8D92AA1E275009264C2 /* ReviewTableViewCell.swift */; };
		528EA8DC2AA1E275009264C2 /* ReviewTableViewCell.xib in Resources */ = {isa = PBXBuildFile; fileRef = 528EA8DA2AA1E275009264C2 /* ReviewTableViewCell.xib */; };
		528EA8DE2AA1E78A009264C2 /* RevieweViewController.swift in Sources */ = {isa = PBXBuildFile; fileRef = 528EA8DD2AA1E78A009264C2 /* RevieweViewController.swift */; };
		52956D202AA86BE50020384C /* launch.gif in Resources */ = {isa = PBXBuildFile; fileRef = 52956D1F2AA86BE50020384C /* launch.gif */; };
		52A7EA802AA1BA46008FE6E0 /* InfoViewController.swift in Sources */ = {isa = PBXBuildFile; fileRef = 52A7EA7F2AA1BA46008FE6E0 /* InfoViewController.swift */; };
		52AA82552AB0837C006B8BD3 /* Splash.storyboard in Resources */ = {isa = PBXBuildFile; fileRef = 52AA82572AB0837C006B8BD3 /* Splash.storyboard */; };
		52AA825A2AB083DD006B8BD3 /* Auth.storyboard in Resources */ = {isa = PBXBuildFile; fileRef = 52AA825C2AB083DD006B8BD3 /* Auth.storyboard */; };
		52AA82652AB084C0006B8BD3 /* Localizable.strings in Resources */ = {isa = PBXBuildFile; fileRef = 52AA82672AB084C0006B8BD3 /* Localizable.strings */; };
		52AA826A2AB08A06006B8BD3 /* LocalizationKeys.swift in Sources */ = {isa = PBXBuildFile; fileRef = 52AA82692AB08A06006B8BD3 /* LocalizationKeys.swift */; };
		52AD06E42B30369900CBBB24 /* ReviewModel.swift in Sources */ = {isa = PBXBuildFile; fileRef = 52AD06E32B30369900CBBB24 /* ReviewModel.swift */; };
		52AD06E82B3037BF00CBBB24 /* ReviewViewModel.swift in Sources */ = {isa = PBXBuildFile; fileRef = 52AD06E72B3037BF00CBBB24 /* ReviewViewModel.swift */; };
		52AD06EA2B304F5B00CBBB24 /* FilterModel.swift in Sources */ = {isa = PBXBuildFile; fileRef = 52AD06E92B304F5B00CBBB24 /* FilterModel.swift */; };
		52AD06EC2B304FBF00CBBB24 /* FilterViewModel.swift in Sources */ = {isa = PBXBuildFile; fileRef = 52AD06EB2B304FBF00CBBB24 /* FilterViewModel.swift */; };
		52AD06EE2B30525800CBBB24 /* AllCategoryModel.swift in Sources */ = {isa = PBXBuildFile; fileRef = 52AD06ED2B30525800CBBB24 /* AllCategoryModel.swift */; };
		52AD06F02B3052D000CBBB24 /* AllCategoryViewModel.swift in Sources */ = {isa = PBXBuildFile; fileRef = 52AD06EF2B3052D000CBBB24 /* AllCategoryViewModel.swift */; };
		52AD09192B2195EA003AEB53 /* Observable.swift in Sources */ = {isa = PBXBuildFile; fileRef = 52AD09182B2195EA003AEB53 /* Observable.swift */; };
		52AD091F2B21D15B003AEB53 /* HomeViewController.swift in Sources */ = {isa = PBXBuildFile; fileRef = 52AD091E2B21D15B003AEB53 /* HomeViewController.swift */; };
		52AD09272B21D18B003AEB53 /* ProductCollectionViewCell.xib in Resources */ = {isa = PBXBuildFile; fileRef = 52AD09212B21D18B003AEB53 /* ProductCollectionViewCell.xib */; };
		52AD09282B21D18B003AEB53 /* TabCollectionViewCell.swift in Sources */ = {isa = PBXBuildFile; fileRef = 52AD09222B21D18B003AEB53 /* TabCollectionViewCell.swift */; };
		52AD09292B21D18B003AEB53 /* TabCollectionViewCell.xib in Resources */ = {isa = PBXBuildFile; fileRef = 52AD09232B21D18B003AEB53 /* TabCollectionViewCell.xib */; };
		52AD092A2B21D18B003AEB53 /* HomeTableViewCell.swift in Sources */ = {isa = PBXBuildFile; fileRef = 52AD09242B21D18B003AEB53 /* HomeTableViewCell.swift */; };
		52AD092B2B21D18B003AEB53 /* ProductCollectionViewCell.swift in Sources */ = {isa = PBXBuildFile; fileRef = 52AD09252B21D18B003AEB53 /* ProductCollectionViewCell.swift */; };
		52AD092C2B21D18B003AEB53 /* HomeTableViewCell.xib in Resources */ = {isa = PBXBuildFile; fileRef = 52AD09262B21D18B003AEB53 /* HomeTableViewCell.xib */; };
		52AD092E2B21D1B1003AEB53 /* ProductCellViewModel.swift in Sources */ = {isa = PBXBuildFile; fileRef = 52AD092D2B21D1B1003AEB53 /* ProductCellViewModel.swift */; };
		52B0DD082B32C2B1007C8A84 /* ViewallModule.swift in Sources */ = {isa = PBXBuildFile; fileRef = 52B0DD072B32C2B1007C8A84 /* ViewallModule.swift */; };
		52B0DD0B2B32C31F007C8A84 /* ViewallViewModel.swift in Sources */ = {isa = PBXBuildFile; fileRef = 52B0DD0A2B32C31F007C8A84 /* ViewallViewModel.swift */; };
		52B0DD0F2B32C5E9007C8A84 /* ViewAllViewController.swift in Sources */ = {isa = PBXBuildFile; fileRef = 52B0DD0E2B32C5E9007C8A84 /* ViewAllViewController.swift */; };
		52B0E9182AB03E46004C0E59 /* AddReviewViewController.swift in Sources */ = {isa = PBXBuildFile; fileRef = 52B0E9172AB03E46004C0E59 /* AddReviewViewController.swift */; };
		52B0E91B2AB0464A004C0E59 /* LanguageViewController.swift in Sources */ = {isa = PBXBuildFile; fileRef = 52B0E91A2AB0464A004C0E59 /* LanguageViewController.swift */; };
		52B198E02AB17D8A001B18E8 /* Home.storyboard in Resources */ = {isa = PBXBuildFile; fileRef = 52B198E22AB17D8A001B18E8 /* Home.storyboard */; };
		52B198E72AB1868E001B18E8 /* Detail.storyboard in Resources */ = {isa = PBXBuildFile; fileRef = 52B198E92AB1868E001B18E8 /* Detail.storyboard */; };
		52B198EE2AB18FAA001B18E8 /* Categories.storyboard in Resources */ = {isa = PBXBuildFile; fileRef = 52B198F02AB18FAA001B18E8 /* Categories.storyboard */; };
		52B198F82AB19966001B18E8 /* NotificationViewController.swift in Sources */ = {isa = PBXBuildFile; fileRef = 52B198F72AB19966001B18E8 /* NotificationViewController.swift */; };
		52B198F92AB19E39001B18E8 /* Profile.storyboard in Resources */ = {isa = PBXBuildFile; fileRef = 52B198FB2AB19E39001B18E8 /* Profile.storyboard */; };
		52B199012AB1AAF4001B18E8 /* SemanticLayout.swift in Sources */ = {isa = PBXBuildFile; fileRef = 52B199002AB1AAF4001B18E8 /* SemanticLayout.swift */; };
		52B6D1612AD6A6EE00515F2A /* LoginModel.swift in Sources */ = {isa = PBXBuildFile; fileRef = 52B6D1602AD6A6EE00515F2A /* LoginModel.swift */; };
		52B6D1642AD6A77700515F2A /* LoginViewModel.swift in Sources */ = {isa = PBXBuildFile; fileRef = 52B6D1632AD6A77700515F2A /* LoginViewModel.swift */; };
		52B6D16C2AD6A7F400515F2A /* AppError.swift in Sources */ = {isa = PBXBuildFile; fileRef = 52B6D1662AD6A7F400515F2A /* AppError.swift */; };
		52B6D16D2AD6A7F400515F2A /* URLSession+Extension.swift in Sources */ = {isa = PBXBuildFile; fileRef = 52B6D1672AD6A7F400515F2A /* URLSession+Extension.swift */; };
		52B6D16E2AD6A7F400515F2A /* Networking.swift in Sources */ = {isa = PBXBuildFile; fileRef = 52B6D1682AD6A7F400515F2A /* Networking.swift */; };
		52B6D16F2AD6A7F400515F2A /* Method.swift in Sources */ = {isa = PBXBuildFile; fileRef = 52B6D1692AD6A7F400515F2A /* Method.swift */; };
		52B6D1702AD6A7F400515F2A /* ApiResponse.swift in Sources */ = {isa = PBXBuildFile; fileRef = 52B6D16A2AD6A7F400515F2A /* ApiResponse.swift */; };
		52B6D1712AD6A7F400515F2A /* Route.swift in Sources */ = {isa = PBXBuildFile; fileRef = 52B6D16B2AD6A7F400515F2A /* Route.swift */; };
		52BD2FF62AA5D7EE0075F39D /* AlertViewController.swift in Sources */ = {isa = PBXBuildFile; fileRef = 52BD2FF52AA5D7EE0075F39D /* AlertViewController.swift */; };
		52BD2FFA2AA5DDA40075F39D /* MapViewController.swift in Sources */ = {isa = PBXBuildFile; fileRef = 52BD2FF92AA5DDA40075F39D /* MapViewController.swift */; };
		52BD2FFC2AA5E4710075F39D /* FullScreenMapViewController.swift in Sources */ = {isa = PBXBuildFile; fileRef = 52BD2FFB2AA5E4710075F39D /* FullScreenMapViewController.swift */; };
		52C660682AA9DF610012126A /* HeaderView.xib in Resources */ = {isa = PBXBuildFile; fileRef = 52C660672AA9DF610012126A /* HeaderView.xib */; };
		52C6606A2AA9DF760012126A /* HeaderView.swift in Sources */ = {isa = PBXBuildFile; fileRef = 52C660692AA9DF760012126A /* HeaderView.swift */; };
		52C660752AA9EBF90012126A /* InformationViewController.swift in Sources */ = {isa = PBXBuildFile; fileRef = 52C660742AA9EBF90012126A /* InformationViewController.swift */; };
		52C9F27A2B3163E400E28A64 /* MyCategoryViewModel.swift in Sources */ = {isa = PBXBuildFile; fileRef = 52C9F2792B3163E400E28A64 /* MyCategoryViewModel.swift */; };
		52C9F27C2B31680900E28A64 /* MySourcesViewModel.swift in Sources */ = {isa = PBXBuildFile; fileRef = 52C9F27B2B31680900E28A64 /* MySourcesViewModel.swift */; };
		52C9F27E2B316F6200E28A64 /* MyWishlistViewModel.swift in Sources */ = {isa = PBXBuildFile; fileRef = 52C9F27D2B316F6200E28A64 /* MyWishlistViewModel.swift */; };
		52C9F2802B3170B200E28A64 /* MyWishlistModel.swift in Sources */ = {isa = PBXBuildFile; fileRef = 52C9F27F2B3170B200E28A64 /* MyWishlistModel.swift */; };
		52C9F2822B31754900E28A64 /* ProfileModel.swift in Sources */ = {isa = PBXBuildFile; fileRef = 52C9F2812B31754900E28A64 /* ProfileModel.swift */; };
		52C9F2842B31759500E28A64 /* ProfileViewModel.swift in Sources */ = {isa = PBXBuildFile; fileRef = 52C9F2832B31759500E28A64 /* ProfileViewModel.swift */; };
		52E3A7EC2AAF0DAF00514F3D /* AutoSizingUiTableView.swift in Sources */ = {isa = PBXBuildFile; fileRef = 52E3A7EB2AAF0DAF00514F3D /* AutoSizingUiTableView.swift */; };
		52E439522AA0AA1500E14C5C /* CompareeViewController.swift in Sources */ = {isa = PBXBuildFile; fileRef = 52E439512AA0AA1500E14C5C /* CompareeViewController.swift */; };
		F7E232C1E3FF716C2720671F /* Pods_Qaaren.framework in Frameworks */ = {isa = PBXBuildFile; fileRef = C332AA031B3987B51448D5FC /* Pods_Qaaren.framework */; };
/* End PBXBuildFile section */

/* Begin PBXFileReference section */
		26B13DD5E5B277A4765F6BCE /* Pods-Qaaren.debug.xcconfig */ = {isa = PBXFileReference; includeInIndex = 1; lastKnownFileType = text.xcconfig; name = "Pods-Qaaren.debug.xcconfig"; path = "Target Support Files/Pods-Qaaren/Pods-Qaaren.debug.xcconfig"; sourceTree = "<group>"; };
		520028EB2B3ABA5F00E28725 /* AboutViewController.swift */ = {isa = PBXFileReference; lastKnownFileType = sourcecode.swift; path = AboutViewController.swift; sourceTree = "<group>"; };
		520028EF2B3AC64E00E28725 /* SearchModel.swift */ = {isa = PBXFileReference; lastKnownFileType = sourcecode.swift; path = SearchModel.swift; sourceTree = "<group>"; };
		52052F1C2B22FDE300E32F88 /* DetailModel.swift */ = {isa = PBXFileReference; lastKnownFileType = sourcecode.swift; path = DetailModel.swift; sourceTree = "<group>"; };
		520A08482AD6C0560032DE06 /* SignupModel.swift */ = {isa = PBXFileReference; lastKnownFileType = sourcecode.swift; path = SignupModel.swift; sourceTree = "<group>"; };
		520A084B2AD6C0CE0032DE06 /* SignupViewModel.swift */ = {isa = PBXFileReference; lastKnownFileType = sourcecode.swift; path = SignupViewModel.swift; sourceTree = "<group>"; };
		521A180D2A9F10B8001E290E /* Popup.storyboard */ = {isa = PBXFileReference; lastKnownFileType = file.storyboard; path = Popup.storyboard; sourceTree = "<group>"; };
		521A18102A9F111B001E290E /* FilterViewController.swift */ = {isa = PBXFileReference; lastKnownFileType = sourcecode.swift; path = FilterViewController.swift; sourceTree = "<group>"; };
		521A18142A9F23D7001E290E /* SplashViewController.swift */ = {isa = PBXFileReference; lastKnownFileType = sourcecode.swift; path = SplashViewController.swift; sourceTree = "<group>"; };
		521C8CDD2AAAEEB8009B673A /* ButtonsView.swift */ = {isa = PBXFileReference; fileEncoding = 4; lastKnownFileType = sourcecode.swift; path = ButtonsView.swift; sourceTree = "<group>"; };
		521C8CDE2AAAEEB9009B673A /* ButtonsView.xib */ = {isa = PBXFileReference; fileEncoding = 4; lastKnownFileType = file.xib; path = ButtonsView.xib; sourceTree = "<group>"; };
		521C8CE42AAAF488009B673A /* CategorySourcesViewController.swift */ = {isa = PBXFileReference; lastKnownFileType = sourcecode.swift; path = CategorySourcesViewController.swift; sourceTree = "<group>"; };
		521C8CE62AAAF65C009B673A /* SourcesViewController.swift */ = {isa = PBXFileReference; lastKnownFileType = sourcecode.swift; path = SourcesViewController.swift; sourceTree = "<group>"; };
		521C8CEB2AAB028D009B673A /* SelectedCategoryTableViewCell.swift */ = {isa = PBXFileReference; lastKnownFileType = sourcecode.swift; path = SelectedCategoryTableViewCell.swift; sourceTree = "<group>"; };
		521C8CEC2AAB028D009B673A /* SelectedCategoryTableViewCell.xib */ = {isa = PBXFileReference; lastKnownFileType = file.xib; path = SelectedCategoryTableViewCell.xib; sourceTree = "<group>"; };
		521C8CEF2AAB03D2009B673A /* MyCategoryViewController.swift */ = {isa = PBXFileReference; lastKnownFileType = sourcecode.swift; path = MyCategoryViewController.swift; sourceTree = "<group>"; };
		521C8CF32AAB08B8009B673A /* MySourcesViewController.swift */ = {isa = PBXFileReference; lastKnownFileType = sourcecode.swift; path = MySourcesViewController.swift; sourceTree = "<group>"; };
		522B466A2AA70BC1005F2909 /* CategoriesViewController.swift */ = {isa = PBXFileReference; lastKnownFileType = sourcecode.swift; path = CategoriesViewController.swift; sourceTree = "<group>"; };
		522B466D2AA70DB6005F2909 /* CategoriesTableViewCell.swift */ = {isa = PBXFileReference; lastKnownFileType = sourcecode.swift; path = CategoriesTableViewCell.swift; sourceTree = "<group>"; };
		522B466E2AA70DB6005F2909 /* CategoriesTableViewCell.xib */ = {isa = PBXFileReference; lastKnownFileType = file.xib; path = CategoriesTableViewCell.xib; sourceTree = "<group>"; };
		522C98532AD55D930099A05E /* ProfileTableViewCell.swift */ = {isa = PBXFileReference; fileEncoding = 4; lastKnownFileType = sourcecode.swift; path = ProfileTableViewCell.swift; sourceTree = "<group>"; };
		522C98542AD55D930099A05E /* ProfileTableViewCell.xib */ = {isa = PBXFileReference; fileEncoding = 4; lastKnownFileType = file.xib; path = ProfileTableViewCell.xib; sourceTree = "<group>"; };
		522C98552AD55D930099A05E /* ProfileViewController.swift */ = {isa = PBXFileReference; fileEncoding = 4; lastKnownFileType = sourcecode.swift; path = ProfileViewController.swift; sourceTree = "<group>"; };
		522C98592AD563FA0099A05E /* OTPViewController.swift */ = {isa = PBXFileReference; lastKnownFileType = sourcecode.swift; path = OTPViewController.swift; sourceTree = "<group>"; };
		5246487B2AA71E43004360DC /* SettingsTableViewController.swift */ = {isa = PBXFileReference; lastKnownFileType = sourcecode.swift; path = SettingsTableViewController.swift; sourceTree = "<group>"; };
		5246487D2AA7224E004360DC /* Settings.storyboard */ = {isa = PBXFileReference; lastKnownFileType = file.storyboard; path = Settings.storyboard; sourceTree = "<group>"; };
		524648802AA7243D004360DC /* WishlisViewController.swift */ = {isa = PBXFileReference; lastKnownFileType = sourcecode.swift; path = WishlisViewController.swift; sourceTree = "<group>"; };
		524FB47A2B32E3D90020A8CA /* ChangePasswordViewModel.swift */ = {isa = PBXFileReference; lastKnownFileType = sourcecode.swift; path = ChangePasswordViewModel.swift; sourceTree = "<group>"; };
		524FB47D2B32F1BC0020A8CA /* ChangePasswordViewController.swift */ = {isa = PBXFileReference; lastKnownFileType = sourcecode.swift; path = ChangePasswordViewController.swift; sourceTree = "<group>"; };
		524FB47F2B32FDBB0020A8CA /* AlertViewModel.swift */ = {isa = PBXFileReference; lastKnownFileType = sourcecode.swift; path = AlertViewModel.swift; sourceTree = "<group>"; };
		524FB4832B330F990020A8CA /* GoogleService-Info.plist */ = {isa = PBXFileReference; fileEncoding = 4; lastKnownFileType = text.plist.xml; path = "GoogleService-Info.plist"; sourceTree = "<group>"; };
		526C2E9B2A9F56BD0032EF94 /* BaseViewController.swift */ = {isa = PBXFileReference; lastKnownFileType = sourcecode.swift; path = BaseViewController.swift; sourceTree = "<group>"; };
		526C2E9F2A9F57BB0032EF94 /* DetailViewController.swift */ = {isa = PBXFileReference; lastKnownFileType = sourcecode.swift; path = DetailViewController.swift; sourceTree = "<group>"; };
		526FAC2B2AD90FC3009828A3 /* HomeModel.swift */ = {isa = PBXFileReference; lastKnownFileType = sourcecode.swift; name = HomeModel.swift; path = ../../../../../../HomeModel.swift; sourceTree = "<group>"; };
		5276CCA22A9DE4CB004558F5 /* HomeViewModel.swift */ = {isa = PBXFileReference; lastKnownFileType = sourcecode.swift; path = HomeViewModel.swift; sourceTree = "<group>"; };
		5277549F2A9C80EF0072222E /* Qaaren.app */ = {isa = PBXFileReference; explicitFileType = wrapper.application; includeInIndex = 0; path = Qaaren.app; sourceTree = BUILT_PRODUCTS_DIR; };
		527754A22A9C80EF0072222E /* AppDelegate.swift */ = {isa = PBXFileReference; lastKnownFileType = sourcecode.swift; path = AppDelegate.swift; sourceTree = "<group>"; };
		527754A42A9C80EF0072222E /* SceneDelegate.swift */ = {isa = PBXFileReference; lastKnownFileType = sourcecode.swift; path = SceneDelegate.swift; sourceTree = "<group>"; };
		527754AB2A9C80F10072222E /* Assets.xcassets */ = {isa = PBXFileReference; lastKnownFileType = folder.assetcatalog; path = Assets.xcassets; sourceTree = "<group>"; };
		527754AE2A9C80F10072222E /* Base */ = {isa = PBXFileReference; lastKnownFileType = file.storyboard; name = Base; path = Base.lproj/LaunchScreen.storyboard; sourceTree = "<group>"; };
		527754B02A9C80F10072222E /* Info.plist */ = {isa = PBXFileReference; lastKnownFileType = text.plist.xml; path = Info.plist; sourceTree = "<group>"; };
		527754BC2A9C82FA0072222E /* Constants.swift */ = {isa = PBXFileReference; fileEncoding = 4; lastKnownFileType = sourcecode.swift; path = Constants.swift; sourceTree = "<group>"; };
		527754BD2A9C82FA0072222E /* Switcher.swift */ = {isa = PBXFileReference; fileEncoding = 4; lastKnownFileType = sourcecode.swift; path = Switcher.swift; sourceTree = "<group>"; };
		527754BF2A9C82FA0072222E /* Extensions.swift */ = {isa = PBXFileReference; fileEncoding = 4; lastKnownFileType = sourcecode.swift; path = Extensions.swift; sourceTree = "<group>"; };
		527754C02A9C82FA0072222E /* Storyboard.swift */ = {isa = PBXFileReference; fileEncoding = 4; lastKnownFileType = sourcecode.swift; path = Storyboard.swift; sourceTree = "<group>"; };
		527754C12A9C82FA0072222E /* IBDesignableExtensions.swift */ = {isa = PBXFileReference; fileEncoding = 4; lastKnownFileType = sourcecode.swift; path = IBDesignableExtensions.swift; sourceTree = "<group>"; };
		527754C22A9C82FA0072222E /* UserDefaults+Extension.swift */ = {isa = PBXFileReference; fileEncoding = 4; lastKnownFileType = sourcecode.swift; path = "UserDefaults+Extension.swift"; sourceTree = "<group>"; };
		527754C32A9C82FA0072222E /* Helper.swift */ = {isa = PBXFileReference; fileEncoding = 4; lastKnownFileType = sourcecode.swift; path = Helper.swift; sourceTree = "<group>"; };
		527754C42A9C82FA0072222E /* Color.swift */ = {isa = PBXFileReference; fileEncoding = 4; lastKnownFileType = sourcecode.swift; path = Color.swift; sourceTree = "<group>"; };
		527754D22A9C864C0072222E /* LoginViewController.swift */ = {isa = PBXFileReference; lastKnownFileType = sourcecode.swift; path = LoginViewController.swift; sourceTree = "<group>"; };
		527754D72A9C90990072222E /* manrope-extrabold.otf */ = {isa = PBXFileReference; lastKnownFileType = file; path = "manrope-extrabold.otf"; sourceTree = "<group>"; };
		527754D82A9C90990072222E /* manrope-light.otf */ = {isa = PBXFileReference; lastKnownFileType = file; path = "manrope-light.otf"; sourceTree = "<group>"; };
		527754D92A9C90990072222E /* manrope-regular.otf */ = {isa = PBXFileReference; lastKnownFileType = file; path = "manrope-regular.otf"; sourceTree = "<group>"; };
		527754DA2A9C90990072222E /* manrope-bold.otf */ = {isa = PBXFileReference; lastKnownFileType = file; path = "manrope-bold.otf"; sourceTree = "<group>"; };
		527754DB2A9C90990072222E /* manrope-thin.otf */ = {isa = PBXFileReference; lastKnownFileType = file; path = "manrope-thin.otf"; sourceTree = "<group>"; };
		527754DC2A9C90990072222E /* manrope-medium.otf */ = {isa = PBXFileReference; lastKnownFileType = file; path = "manrope-medium.otf"; sourceTree = "<group>"; };
		527754E32A9C91C90072222E /* manrope-semibold.otf */ = {isa = PBXFileReference; lastKnownFileType = file; path = "manrope-semibold.otf"; sourceTree = "<group>"; };
		527754E62A9CAF1A0072222E /* SigninViewController.swift */ = {isa = PBXFileReference; lastKnownFileType = sourcecode.swift; path = SigninViewController.swift; sourceTree = "<group>"; };
		527754EC2A9CB9240072222E /* TabbarViewController.swift */ = {isa = PBXFileReference; lastKnownFileType = sourcecode.swift; path = TabbarViewController.swift; sourceTree = "<group>"; };
		528855F32B3EE422008B5130 /* PrivacyViewController.swift */ = {isa = PBXFileReference; lastKnownFileType = sourcecode.swift; path = PrivacyViewController.swift; sourceTree = "<group>"; };
		528C8F672AA087580056F056 /* DetailViewModel.swift */ = {isa = PBXFileReference; lastKnownFileType = sourcecode.swift; path = DetailViewModel.swift; sourceTree = "<group>"; };
		528C8F6F2AA0A15D0056F056 /* CompareTableViewCell.swift */ = {isa = PBXFileReference; lastKnownFileType = sourcecode.swift; path = CompareTableViewCell.swift; sourceTree = "<group>"; };
		528C8F702AA0A15D0056F056 /* CompareTableViewCell.xib */ = {isa = PBXFileReference; lastKnownFileType = file.xib; path = CompareTableViewCell.xib; sourceTree = "<group>"; };
		528EA8D92AA1E275009264C2 /* ReviewTableViewCell.swift */ = {isa = PBXFileReference; lastKnownFileType = sourcecode.swift; path = ReviewTableViewCell.swift; sourceTree = "<group>"; };
		528EA8DA2AA1E275009264C2 /* ReviewTableViewCell.xib */ = {isa = PBXFileReference; lastKnownFileType = file.xib; path = ReviewTableViewCell.xib; sourceTree = "<group>"; };
		528EA8DD2AA1E78A009264C2 /* RevieweViewController.swift */ = {isa = PBXFileReference; lastKnownFileType = sourcecode.swift; path = RevieweViewController.swift; sourceTree = "<group>"; };
		52956D1F2AA86BE50020384C /* launch.gif */ = {isa = PBXFileReference; lastKnownFileType = image.gif; path = launch.gif; sourceTree = "<group>"; };
		52A0BC952B3C05EB006B3A0F /* Qaaren.entitlements */ = {isa = PBXFileReference; lastKnownFileType = text.plist.entitlements; path = Qaaren.entitlements; sourceTree = "<group>"; };
		52A7EA7F2AA1BA46008FE6E0 /* InfoViewController.swift */ = {isa = PBXFileReference; lastKnownFileType = sourcecode.swift; path = InfoViewController.swift; sourceTree = "<group>"; };
		52AA82562AB0837C006B8BD3 /* Base */ = {isa = PBXFileReference; lastKnownFileType = file.storyboard; name = Base; path = Base.lproj/Splash.storyboard; sourceTree = "<group>"; };
		52AA82592AB08387006B8BD3 /* en */ = {isa = PBXFileReference; lastKnownFileType = text.plist.strings; name = en; path = en.lproj/Splash.strings; sourceTree = "<group>"; };
		52AA825B2AB083DD006B8BD3 /* Base */ = {isa = PBXFileReference; lastKnownFileType = file.storyboard; name = Base; path = Base.lproj/Auth.storyboard; sourceTree = "<group>"; };
		52AA825E2AB083E5006B8BD3 /* en */ = {isa = PBXFileReference; lastKnownFileType = text.plist.strings; name = en; path = en.lproj/Auth.strings; sourceTree = "<group>"; };
		52AA825F2AB08404006B8BD3 /* ar */ = {isa = PBXFileReference; lastKnownFileType = text.plist.strings; name = ar; path = ar.lproj/LaunchScreen.strings; sourceTree = "<group>"; };
		52AA82602AB08404006B8BD3 /* ar */ = {isa = PBXFileReference; lastKnownFileType = text.plist.strings; name = ar; path = ar.lproj/Splash.strings; sourceTree = "<group>"; };
		52AA82612AB08404006B8BD3 /* ar */ = {isa = PBXFileReference; lastKnownFileType = text.plist.strings; name = ar; path = ar.lproj/Auth.strings; sourceTree = "<group>"; };
		52AA82662AB084C0006B8BD3 /* en */ = {isa = PBXFileReference; lastKnownFileType = text.plist.strings; name = en; path = en.lproj/Localizable.strings; sourceTree = "<group>"; };
		52AA82682AB084C2006B8BD3 /* ar */ = {isa = PBXFileReference; lastKnownFileType = text.plist.strings; name = ar; path = ar.lproj/Localizable.strings; sourceTree = "<group>"; };
		52AA82692AB08A06006B8BD3 /* LocalizationKeys.swift */ = {isa = PBXFileReference; lastKnownFileType = sourcecode.swift; path = LocalizationKeys.swift; sourceTree = "<group>"; };
		52AD06E32B30369900CBBB24 /* ReviewModel.swift */ = {isa = PBXFileReference; lastKnownFileType = sourcecode.swift; path = ReviewModel.swift; sourceTree = "<group>"; };
		52AD06E72B3037BF00CBBB24 /* ReviewViewModel.swift */ = {isa = PBXFileReference; lastKnownFileType = sourcecode.swift; path = ReviewViewModel.swift; sourceTree = "<group>"; };
		52AD06E92B304F5B00CBBB24 /* FilterModel.swift */ = {isa = PBXFileReference; lastKnownFileType = sourcecode.swift; path = FilterModel.swift; sourceTree = "<group>"; };
		52AD06EB2B304FBF00CBBB24 /* FilterViewModel.swift */ = {isa = PBXFileReference; lastKnownFileType = sourcecode.swift; path = FilterViewModel.swift; sourceTree = "<group>"; };
		52AD06ED2B30525800CBBB24 /* AllCategoryModel.swift */ = {isa = PBXFileReference; lastKnownFileType = sourcecode.swift; path = AllCategoryModel.swift; sourceTree = "<group>"; };
		52AD06EF2B3052D000CBBB24 /* AllCategoryViewModel.swift */ = {isa = PBXFileReference; lastKnownFileType = sourcecode.swift; path = AllCategoryViewModel.swift; sourceTree = "<group>"; };
		52AD09182B2195EA003AEB53 /* Observable.swift */ = {isa = PBXFileReference; fileEncoding = 4; lastKnownFileType = sourcecode.swift; path = Observable.swift; sourceTree = "<group>"; };
		52AD091E2B21D15B003AEB53 /* HomeViewController.swift */ = {isa = PBXFileReference; fileEncoding = 4; lastKnownFileType = sourcecode.swift; path = HomeViewController.swift; sourceTree = "<group>"; };
		52AD09212B21D18B003AEB53 /* ProductCollectionViewCell.xib */ = {isa = PBXFileReference; fileEncoding = 4; lastKnownFileType = file.xib; path = ProductCollectionViewCell.xib; sourceTree = "<group>"; };
		52AD09222B21D18B003AEB53 /* TabCollectionViewCell.swift */ = {isa = PBXFileReference; fileEncoding = 4; lastKnownFileType = sourcecode.swift; path = TabCollectionViewCell.swift; sourceTree = "<group>"; };
		52AD09232B21D18B003AEB53 /* TabCollectionViewCell.xib */ = {isa = PBXFileReference; fileEncoding = 4; lastKnownFileType = file.xib; path = TabCollectionViewCell.xib; sourceTree = "<group>"; };
		52AD09242B21D18B003AEB53 /* HomeTableViewCell.swift */ = {isa = PBXFileReference; fileEncoding = 4; lastKnownFileType = sourcecode.swift; path = HomeTableViewCell.swift; sourceTree = "<group>"; };
		52AD09252B21D18B003AEB53 /* ProductCollectionViewCell.swift */ = {isa = PBXFileReference; fileEncoding = 4; lastKnownFileType = sourcecode.swift; path = ProductCollectionViewCell.swift; sourceTree = "<group>"; };
		52AD09262B21D18B003AEB53 /* HomeTableViewCell.xib */ = {isa = PBXFileReference; fileEncoding = 4; lastKnownFileType = file.xib; path = HomeTableViewCell.xib; sourceTree = "<group>"; };
		52AD092D2B21D1B1003AEB53 /* ProductCellViewModel.swift */ = {isa = PBXFileReference; lastKnownFileType = sourcecode.swift; path = ProductCellViewModel.swift; sourceTree = "<group>"; };
		52B0DD072B32C2B1007C8A84 /* ViewallModule.swift */ = {isa = PBXFileReference; lastKnownFileType = sourcecode.swift; path = ViewallModule.swift; sourceTree = "<group>"; };
		52B0DD0A2B32C31F007C8A84 /* ViewallViewModel.swift */ = {isa = PBXFileReference; lastKnownFileType = sourcecode.swift; path = ViewallViewModel.swift; sourceTree = "<group>"; };
		52B0DD0E2B32C5E9007C8A84 /* ViewAllViewController.swift */ = {isa = PBXFileReference; lastKnownFileType = sourcecode.swift; path = ViewAllViewController.swift; sourceTree = "<group>"; };
		52B0E9172AB03E46004C0E59 /* AddReviewViewController.swift */ = {isa = PBXFileReference; lastKnownFileType = sourcecode.swift; path = AddReviewViewController.swift; sourceTree = "<group>"; };
		52B0E91A2AB0464A004C0E59 /* LanguageViewController.swift */ = {isa = PBXFileReference; lastKnownFileType = sourcecode.swift; path = LanguageViewController.swift; sourceTree = "<group>"; };
		52B198E12AB17D8A001B18E8 /* Base */ = {isa = PBXFileReference; lastKnownFileType = file.storyboard; name = Base; path = Base.lproj/Home.storyboard; sourceTree = "<group>"; };
		52B198E42AB17D92001B18E8 /* en */ = {isa = PBXFileReference; lastKnownFileType = text.plist.strings; name = en; path = en.lproj/Home.strings; sourceTree = "<group>"; };
		52B198E62AB17D98001B18E8 /* ar */ = {isa = PBXFileReference; lastKnownFileType = text.plist.strings; name = ar; path = ar.lproj/Home.strings; sourceTree = "<group>"; };
		52B198E82AB1868E001B18E8 /* Base */ = {isa = PBXFileReference; lastKnownFileType = file.storyboard; name = Base; path = Base.lproj/Detail.storyboard; sourceTree = "<group>"; };
		52B198EB2AB18697001B18E8 /* en */ = {isa = PBXFileReference; lastKnownFileType = text.plist.strings; name = en; path = en.lproj/Detail.strings; sourceTree = "<group>"; };
		52B198ED2AB1869C001B18E8 /* ar */ = {isa = PBXFileReference; lastKnownFileType = text.plist.strings; name = ar; path = ar.lproj/Detail.strings; sourceTree = "<group>"; };
		52B198EF2AB18FAA001B18E8 /* Base */ = {isa = PBXFileReference; lastKnownFileType = file.storyboard; name = Base; path = Base.lproj/Categories.storyboard; sourceTree = "<group>"; };
		52B198F22AB18FB3001B18E8 /* en */ = {isa = PBXFileReference; lastKnownFileType = text.plist.strings; name = en; path = en.lproj/Categories.strings; sourceTree = "<group>"; };
		52B198F42AB18FB5001B18E8 /* ar */ = {isa = PBXFileReference; lastKnownFileType = text.plist.strings; name = ar; path = ar.lproj/Categories.strings; sourceTree = "<group>"; };
		52B198F72AB19966001B18E8 /* NotificationViewController.swift */ = {isa = PBXFileReference; lastKnownFileType = sourcecode.swift; path = NotificationViewController.swift; sourceTree = "<group>"; };
		52B198FA2AB19E39001B18E8 /* Base */ = {isa = PBXFileReference; lastKnownFileType = file.storyboard; name = Base; path = Base.lproj/Profile.storyboard; sourceTree = "<group>"; };
		52B198FD2AB19E3B001B18E8 /* en */ = {isa = PBXFileReference; lastKnownFileType = text.plist.strings; name = en; path = en.lproj/Profile.strings; sourceTree = "<group>"; };
		52B198FF2AB19E3E001B18E8 /* ar */ = {isa = PBXFileReference; lastKnownFileType = text.plist.strings; name = ar; path = ar.lproj/Profile.strings; sourceTree = "<group>"; };
		52B199002AB1AAF4001B18E8 /* SemanticLayout.swift */ = {isa = PBXFileReference; lastKnownFileType = sourcecode.swift; path = SemanticLayout.swift; sourceTree = "<group>"; };
		52B6D1602AD6A6EE00515F2A /* LoginModel.swift */ = {isa = PBXFileReference; lastKnownFileType = sourcecode.swift; path = LoginModel.swift; sourceTree = "<group>"; };
		52B6D1632AD6A77700515F2A /* LoginViewModel.swift */ = {isa = PBXFileReference; lastKnownFileType = sourcecode.swift; path = LoginViewModel.swift; sourceTree = "<group>"; };
		52B6D1662AD6A7F400515F2A /* AppError.swift */ = {isa = PBXFileReference; fileEncoding = 4; lastKnownFileType = sourcecode.swift; path = AppError.swift; sourceTree = "<group>"; };
		52B6D1672AD6A7F400515F2A /* URLSession+Extension.swift */ = {isa = PBXFileReference; fileEncoding = 4; lastKnownFileType = sourcecode.swift; path = "URLSession+Extension.swift"; sourceTree = "<group>"; };
		52B6D1682AD6A7F400515F2A /* Networking.swift */ = {isa = PBXFileReference; fileEncoding = 4; lastKnownFileType = sourcecode.swift; path = Networking.swift; sourceTree = "<group>"; };
		52B6D1692AD6A7F400515F2A /* Method.swift */ = {isa = PBXFileReference; fileEncoding = 4; lastKnownFileType = sourcecode.swift; path = Method.swift; sourceTree = "<group>"; };
		52B6D16A2AD6A7F400515F2A /* ApiResponse.swift */ = {isa = PBXFileReference; fileEncoding = 4; lastKnownFileType = sourcecode.swift; path = ApiResponse.swift; sourceTree = "<group>"; };
		52B6D16B2AD6A7F400515F2A /* Route.swift */ = {isa = PBXFileReference; fileEncoding = 4; lastKnownFileType = sourcecode.swift; path = Route.swift; sourceTree = "<group>"; };
		52BD2FF52AA5D7EE0075F39D /* AlertViewController.swift */ = {isa = PBXFileReference; lastKnownFileType = sourcecode.swift; path = AlertViewController.swift; sourceTree = "<group>"; };
		52BD2FF92AA5DDA40075F39D /* MapViewController.swift */ = {isa = PBXFileReference; lastKnownFileType = sourcecode.swift; path = MapViewController.swift; sourceTree = "<group>"; };
		52BD2FFB2AA5E4710075F39D /* FullScreenMapViewController.swift */ = {isa = PBXFileReference; lastKnownFileType = sourcecode.swift; path = FullScreenMapViewController.swift; sourceTree = "<group>"; };
		52C660672AA9DF610012126A /* HeaderView.xib */ = {isa = PBXFileReference; lastKnownFileType = file.xib; path = HeaderView.xib; sourceTree = "<group>"; };
		52C660692AA9DF760012126A /* HeaderView.swift */ = {isa = PBXFileReference; lastKnownFileType = sourcecode.swift; path = HeaderView.swift; sourceTree = "<group>"; };
		52C660742AA9EBF90012126A /* InformationViewController.swift */ = {isa = PBXFileReference; lastKnownFileType = sourcecode.swift; path = InformationViewController.swift; sourceTree = "<group>"; };
		52C9F2792B3163E400E28A64 /* MyCategoryViewModel.swift */ = {isa = PBXFileReference; lastKnownFileType = sourcecode.swift; path = MyCategoryViewModel.swift; sourceTree = "<group>"; };
		52C9F27B2B31680900E28A64 /* MySourcesViewModel.swift */ = {isa = PBXFileReference; lastKnownFileType = sourcecode.swift; path = MySourcesViewModel.swift; sourceTree = "<group>"; };
		52C9F27D2B316F6200E28A64 /* MyWishlistViewModel.swift */ = {isa = PBXFileReference; lastKnownFileType = sourcecode.swift; path = MyWishlistViewModel.swift; sourceTree = "<group>"; };
		52C9F27F2B3170B200E28A64 /* MyWishlistModel.swift */ = {isa = PBXFileReference; lastKnownFileType = sourcecode.swift; path = MyWishlistModel.swift; sourceTree = "<group>"; };
		52C9F2812B31754900E28A64 /* ProfileModel.swift */ = {isa = PBXFileReference; lastKnownFileType = sourcecode.swift; path = ProfileModel.swift; sourceTree = "<group>"; };
		52C9F2832B31759500E28A64 /* ProfileViewModel.swift */ = {isa = PBXFileReference; lastKnownFileType = sourcecode.swift; path = ProfileViewModel.swift; sourceTree = "<group>"; };
		52E3A7EB2AAF0DAF00514F3D /* AutoSizingUiTableView.swift */ = {isa = PBXFileReference; lastKnownFileType = sourcecode.swift; path = AutoSizingUiTableView.swift; sourceTree = "<group>"; };
		52E439512AA0AA1500E14C5C /* CompareeViewController.swift */ = {isa = PBXFileReference; lastKnownFileType = sourcecode.swift; path = CompareeViewController.swift; sourceTree = "<group>"; };
		C332AA031B3987B51448D5FC /* Pods_Qaaren.framework */ = {isa = PBXFileReference; explicitFileType = wrapper.framework; includeInIndex = 0; path = Pods_Qaaren.framework; sourceTree = BUILT_PRODUCTS_DIR; };
		DB6573A95106F98B9A34BBFD /* Pods-Qaaren.release.xcconfig */ = {isa = PBXFileReference; includeInIndex = 1; lastKnownFileType = text.xcconfig; name = "Pods-Qaaren.release.xcconfig"; path = "Target Support Files/Pods-Qaaren/Pods-Qaaren.release.xcconfig"; sourceTree = "<group>"; };
/* End PBXFileReference section */

/* Begin PBXFrameworksBuildPhase section */
		5277549C2A9C80EF0072222E /* Frameworks */ = {
			isa = PBXFrameworksBuildPhase;
			buildActionMask = 2147483647;
			files = (
				F7E232C1E3FF716C2720671F /* Pods_Qaaren.framework in Frameworks */,
			);
			runOnlyForDeploymentPostprocessing = 0;
		};
/* End PBXFrameworksBuildPhase section */

/* Begin PBXGroup section */
		2AEE42DD17B7663E577878BE /* Pods */ = {
			isa = PBXGroup;
			children = (
				26B13DD5E5B277A4765F6BCE /* Pods-Qaaren.debug.xcconfig */,
				DB6573A95106F98B9A34BBFD /* Pods-Qaaren.release.xcconfig */,
			);
			path = Pods;
			sourceTree = "<group>";
		};
		52052F1B2B22FDB200E32F88 /* Model */ = {
			isa = PBXGroup;
			children = (
				52052F1C2B22FDE300E32F88 /* DetailModel.swift */,
			);
			path = Model;
			sourceTree = "<group>";
		};
		520A08462AD6C00E0032DE06 /* View */ = {
			isa = PBXGroup;
			children = (
				527754E62A9CAF1A0072222E /* SigninViewController.swift */,
			);
			path = View;
			sourceTree = "<group>";
		};
		520A08472AD6C0450032DE06 /* Model */ = {
			isa = PBXGroup;
			children = (
				520A08482AD6C0560032DE06 /* SignupModel.swift */,
			);
			path = Model;
			sourceTree = "<group>";
		};
		520A084A2AD6C0B40032DE06 /* ViewModel */ = {
			isa = PBXGroup;
			children = (
				520A084B2AD6C0CE0032DE06 /* SignupViewModel.swift */,
			);
			path = ViewModel;
			sourceTree = "<group>";
		};
		521A180F2A9F10FF001E290E /* FilterModule */ = {
			isa = PBXGroup;
			children = (
				52B0E9162AB03E25004C0E59 /* AddReviewModule */,
				52B0E9152AB03E17004C0E59 /* FilterModule */,
			);
			path = FilterModule;
			sourceTree = "<group>";
		};
		521A18172A9F23E2001E290E /* SplashModule */ = {
			isa = PBXGroup;
			children = (
				521A18142A9F23D7001E290E /* SplashViewController.swift */,
			);
			path = SplashModule;
			sourceTree = "<group>";
		};
		521C8CDC2AAAEEAC009B673A /* ButtonsView */ = {
			isa = PBXGroup;
			children = (
				521C8CDD2AAAEEB8009B673A /* ButtonsView.swift */,
				521C8CDE2AAAEEB9009B673A /* ButtonsView.xib */,
			);
			path = ButtonsView;
			sourceTree = "<group>";
		};
		521C8CE32AAAF3AD009B673A /* categorySources */ = {
			isa = PBXGroup;
			children = (
				521C8CE42AAAF488009B673A /* CategorySourcesViewController.swift */,
				52AD06ED2B30525800CBBB24 /* AllCategoryModel.swift */,
				52AD06EF2B3052D000CBBB24 /* AllCategoryViewModel.swift */,
			);
			path = categorySources;
			sourceTree = "<group>";
		};
		521C8CE82AAB0254009B673A /* MyCategoryModule */ = {
			isa = PBXGroup;
			children = (
				521C8CE92AAB0265009B673A /* View */,
				52C9F2792B3163E400E28A64 /* MyCategoryViewModel.swift */,
			);
			path = MyCategoryModule;
			sourceTree = "<group>";
		};
		521C8CE92AAB0265009B673A /* View */ = {
			isa = PBXGroup;
			children = (
				521C8CEA2AAB0272009B673A /* cell */,
				521C8CEF2AAB03D2009B673A /* MyCategoryViewController.swift */,
			);
			path = View;
			sourceTree = "<group>";
		};
		521C8CEA2AAB0272009B673A /* cell */ = {
			isa = PBXGroup;
			children = (
				521C8CEB2AAB028D009B673A /* SelectedCategoryTableViewCell.swift */,
				521C8CEC2AAB028D009B673A /* SelectedCategoryTableViewCell.xib */,
			);
			path = cell;
			sourceTree = "<group>";
		};
		521C8CF12AAB0899009B673A /* MySourceModule */ = {
			isa = PBXGroup;
			children = (
				521C8CF22AAB08A5009B673A /* View */,
				52C9F27B2B31680900E28A64 /* MySourcesViewModel.swift */,
			);
			path = MySourceModule;
			sourceTree = "<group>";
		};
		521C8CF22AAB08A5009B673A /* View */ = {
			isa = PBXGroup;
			children = (
				521C8CF32AAB08B8009B673A /* MySourcesViewController.swift */,
			);
			path = View;
			sourceTree = "<group>";
		};
		522B46632AA6FF67005F2909 /* SetttingModule */ = {
			isa = PBXGroup;
			children = (
				52B0E9192AB04625004C0E59 /* Language */,
				5246487F2AA72413004360DC /* wishlist */,
				522B46642AA6FF78005F2909 /* setting */,
			);
			path = SetttingModule;
			sourceTree = "<group>";
		};
		522B46642AA6FF78005F2909 /* setting */ = {
			isa = PBXGroup;
			children = (
				5246487B2AA71E43004360DC /* SettingsTableViewController.swift */,
				520028EB2B3ABA5F00E28725 /* AboutViewController.swift */,
				528855F32B3EE422008B5130 /* PrivacyViewController.swift */,
			);
			path = setting;
			sourceTree = "<group>";
		};
		522B46672AA70B97005F2909 /* CategoriesModule */ = {
			isa = PBXGroup;
			children = (
				521C8CE32AAAF3AD009B673A /* categorySources */,
				522B46682AA70BA1005F2909 /* categories */,
			);
			path = CategoriesModule;
			sourceTree = "<group>";
		};
		522B46682AA70BA1005F2909 /* categories */ = {
			isa = PBXGroup;
			children = (
				522B466C2AA70D8A005F2909 /* cell */,
				522B46692AA70BB0005F2909 /* viewcontroller */,
			);
			path = categories;
			sourceTree = "<group>";
		};
		522B46692AA70BB0005F2909 /* viewcontroller */ = {
			isa = PBXGroup;
			children = (
				522B466A2AA70BC1005F2909 /* CategoriesViewController.swift */,
				521C8CE62AAAF65C009B673A /* SourcesViewController.swift */,
			);
			path = viewcontroller;
			sourceTree = "<group>";
		};
		522B466C2AA70D8A005F2909 /* cell */ = {
			isa = PBXGroup;
			children = (
				522B466D2AA70DB6005F2909 /* CategoriesTableViewCell.swift */,
				522B466E2AA70DB6005F2909 /* CategoriesTableViewCell.xib */,
			);
			path = cell;
			sourceTree = "<group>";
		};
		522C98512AD55D930099A05E /* view */ = {
			isa = PBXGroup;
			children = (
				522C98522AD55D930099A05E /* Cell */,
				522C98552AD55D930099A05E /* ProfileViewController.swift */,
			);
			path = view;
			sourceTree = "<group>";
		};
		522C98522AD55D930099A05E /* Cell */ = {
			isa = PBXGroup;
			children = (
				522C98532AD55D930099A05E /* ProfileTableViewCell.swift */,
				522C98542AD55D930099A05E /* ProfileTableViewCell.xib */,
			);
			path = Cell;
			sourceTree = "<group>";
		};
		5246487F2AA72413004360DC /* wishlist */ = {
			isa = PBXGroup;
			children = (
				524648832AA7254B004360DC /* viewcontroller */,
				52C9F27D2B316F6200E28A64 /* MyWishlistViewModel.swift */,
				52C9F27F2B3170B200E28A64 /* MyWishlistModel.swift */,
			);
			path = wishlist;
			sourceTree = "<group>";
		};
		524648832AA7254B004360DC /* viewcontroller */ = {
			isa = PBXGroup;
			children = (
				524648802AA7243D004360DC /* WishlisViewController.swift */,
			);
			path = viewcontroller;
			sourceTree = "<group>";
		};
		524FB4762B32E2BE0020A8CA /* ChangePasswordScreen */ = {
			isa = PBXGroup;
			children = (
				524FB4792B32E35D0020A8CA /* ViewModel */,
				524FB47D2B32F1BC0020A8CA /* ChangePasswordViewController.swift */,
			);
			path = ChangePasswordScreen;
			sourceTree = "<group>";
		};
		524FB4792B32E35D0020A8CA /* ViewModel */ = {
			isa = PBXGroup;
			children = (
				524FB47A2B32E3D90020A8CA /* ChangePasswordViewModel.swift */,
			);
			path = ViewModel;
			sourceTree = "<group>";
		};
		526C2E9A2A9F56A80032EF94 /* Base */ = {
			isa = PBXGroup;
			children = (
				526C2E9B2A9F56BD0032EF94 /* BaseViewController.swift */,
				520028EF2B3AC64E00E28725 /* SearchModel.swift */,
			);
			path = Base;
			sourceTree = "<group>";
		};
		526C2E9D2A9F579A0032EF94 /* DetailModule */ = {
			isa = PBXGroup;
			children = (
				526C2E9E2A9F57AA0032EF94 /* detail */,
				528C8F6C2AA099340056F056 /* compare */,
				52A7EA7E2AA1BA19008FE6E0 /* info */,
				528EA8D42AA1CCA2009264C2 /* review */,
				52BD2FF72AA5DD850075F39D /* Map */,
				52BD2FF32AA5D7CE0075F39D /* alert */,
			);
			path = DetailModule;
			sourceTree = "<group>";
		};
		526C2E9E2A9F57AA0032EF94 /* detail */ = {
			isa = PBXGroup;
			children = (
				52052F1B2B22FDB200E32F88 /* Model */,
				528C8F662AA087260056F056 /* ViewModel */,
				52D3081C2AA0636E008166D9 /* viewcontroller */,
			);
			path = detail;
			sourceTree = "<group>";
		};
		526FAC2A2AD90C7D009828A3 /* Model */ = {
			isa = PBXGroup;
			children = (
				526FAC2B2AD90FC3009828A3 /* HomeModel.swift */,
			);
			path = Model;
			sourceTree = "<group>";
		};
		5276CCA12A9DE4B6004558F5 /* ViewModel */ = {
			isa = PBXGroup;
			children = (
				52AD092D2B21D1B1003AEB53 /* ProductCellViewModel.swift */,
				5276CCA22A9DE4CB004558F5 /* HomeViewModel.swift */,
			);
			path = ViewModel;
			sourceTree = "<group>";
		};
		527754962A9C80EF0072222E = {
			isa = PBXGroup;
			children = (
				527754A12A9C80EF0072222E /* Qaaren */,
				527754A02A9C80EF0072222E /* Products */,
				2AEE42DD17B7663E577878BE /* Pods */,
				6E94481721E860FC11840E9A /* Frameworks */,
			);
			sourceTree = "<group>";
		};
		527754A02A9C80EF0072222E /* Products */ = {
			isa = PBXGroup;
			children = (
				5277549F2A9C80EF0072222E /* Qaaren.app */,
			);
			name = Products;
			sourceTree = "<group>";
		};
		527754A12A9C80EF0072222E /* Qaaren */ = {
			isa = PBXGroup;
			children = (
				52A0BC952B3C05EB006B3A0F /* Qaaren.entitlements */,
				52AD09172B2195B5003AEB53 /* Calsses */,
				52B6D1652AD6A7F400515F2A /* Networking */,
				52AA82622AB08490006B8BD3 /* Localization */,
				526C2E9A2A9F56A80032EF94 /* Base */,
				527754EB2A9CB8FB0072222E /* TabbarController */,
				527754BB2A9C82FA0072222E /* Utilities */,
				52C660652AA9DF440012126A /* Views */,
				527754B82A9C826B0072222E /* Modules */,
				527754B62A9C822F0072222E /* AppDelegate */,
				527754B72A9C82520072222E /* storyboard */,
				527754D52A9C907D0072222E /* Assest&fonts */,
				527754AD2A9C80F10072222E /* LaunchScreen.storyboard */,
				527754B02A9C80F10072222E /* Info.plist */,
			);
			path = Qaaren;
			sourceTree = "<group>";
		};
		527754B62A9C822F0072222E /* AppDelegate */ = {
			isa = PBXGroup;
			children = (
				527754A22A9C80EF0072222E /* AppDelegate.swift */,
				527754A42A9C80EF0072222E /* SceneDelegate.swift */,
			);
			path = AppDelegate;
			sourceTree = "<group>";
		};
		527754B72A9C82520072222E /* storyboard */ = {
			isa = PBXGroup;
			children = (
				52AA82572AB0837C006B8BD3 /* Splash.storyboard */,
				52AA825C2AB083DD006B8BD3 /* Auth.storyboard */,
				52B198E22AB17D8A001B18E8 /* Home.storyboard */,
				521A180D2A9F10B8001E290E /* Popup.storyboard */,
				52B198E92AB1868E001B18E8 /* Detail.storyboard */,
				5246487D2AA7224E004360DC /* Settings.storyboard */,
				52B198FB2AB19E39001B18E8 /* Profile.storyboard */,
				52B198F02AB18FAA001B18E8 /* Categories.storyboard */,
			);
			path = storyboard;
			sourceTree = "<group>";
		};
		527754B82A9C826B0072222E /* Modules */ = {
			isa = PBXGroup;
			children = (
				52B198F52AB1993B001B18E8 /* NotificationModule */,
				52C660602AA9DCAD0012126A /* ProfileModule */,
				522B46672AA70B97005F2909 /* CategoriesModule */,
				522B46632AA6FF67005F2909 /* SetttingModule */,
				526C2E9D2A9F579A0032EF94 /* DetailModule */,
				521A18172A9F23E2001E290E /* SplashModule */,
				521A180F2A9F10FF001E290E /* FilterModule */,
				527754EA2A9CB89D0072222E /* HomeModule */,
				52B0DD052B32C203007C8A84 /* ViewallModule */,
				527754B92A9C828F0072222E /* AuthModules */,
			);
			path = Modules;
			sourceTree = "<group>";
		};
		527754B92A9C828F0072222E /* AuthModules */ = {
			isa = PBXGroup;
			children = (
				522C98592AD563FA0099A05E /* OTPViewController.swift */,
				527754E52A9CAEFC0072222E /* SignupScreen */,
				527754BA2A9C82AB0072222E /* LoginScreen */,
				524FB4762B32E2BE0020A8CA /* ChangePasswordScreen */,
			);
			path = AuthModules;
			sourceTree = "<group>";
		};
		527754BA2A9C82AB0072222E /* LoginScreen */ = {
			isa = PBXGroup;
			children = (
				52B6D15F2AD6A6DC00515F2A /* Model */,
				52B6D15E2AD6A6D000515F2A /* View */,
				52B6D1622AD6A74F00515F2A /* ViewModel */,
			);
			path = LoginScreen;
			sourceTree = "<group>";
		};
		527754BB2A9C82FA0072222E /* Utilities */ = {
			isa = PBXGroup;
			children = (
				527754BC2A9C82FA0072222E /* Constants.swift */,
				527754BD2A9C82FA0072222E /* Switcher.swift */,
				527754BF2A9C82FA0072222E /* Extensions.swift */,
				527754C02A9C82FA0072222E /* Storyboard.swift */,
				527754C12A9C82FA0072222E /* IBDesignableExtensions.swift */,
				527754C22A9C82FA0072222E /* UserDefaults+Extension.swift */,
				527754C32A9C82FA0072222E /* Helper.swift */,
				527754C42A9C82FA0072222E /* Color.swift */,
				52E3A7EB2AAF0DAF00514F3D /* AutoSizingUiTableView.swift */,
				52B199002AB1AAF4001B18E8 /* SemanticLayout.swift */,
			);
			path = Utilities;
			sourceTree = "<group>";
		};
		527754D52A9C907D0072222E /* Assest&fonts */ = {
			isa = PBXGroup;
			children = (
				524FB4832B330F990020A8CA /* GoogleService-Info.plist */,
				527754D62A9C908E0072222E /* fonts */,
				527754AB2A9C80F10072222E /* Assets.xcassets */,
				52956D1F2AA86BE50020384C /* launch.gif */,
			);
			path = "Assest&fonts";
			sourceTree = "<group>";
		};
		527754D62A9C908E0072222E /* fonts */ = {
			isa = PBXGroup;
			children = (
				527754E32A9C91C90072222E /* manrope-semibold.otf */,
				527754DA2A9C90990072222E /* manrope-bold.otf */,
				527754D72A9C90990072222E /* manrope-extrabold.otf */,
				527754D82A9C90990072222E /* manrope-light.otf */,
				527754DC2A9C90990072222E /* manrope-medium.otf */,
				527754D92A9C90990072222E /* manrope-regular.otf */,
				527754DB2A9C90990072222E /* manrope-thin.otf */,
			);
			path = fonts;
			sourceTree = "<group>";
		};
		527754E52A9CAEFC0072222E /* SignupScreen */ = {
			isa = PBXGroup;
			children = (
				520A08472AD6C0450032DE06 /* Model */,
				520A08462AD6C00E0032DE06 /* View */,
				520A084A2AD6C0B40032DE06 /* ViewModel */,
			);
			path = SignupScreen;
			sourceTree = "<group>";
		};
		527754EA2A9CB89D0072222E /* HomeModule */ = {
			isa = PBXGroup;
			children = (
				527754EE2A9CBABF0072222E /* homeScreen */,
			);
			path = HomeModule;
			sourceTree = "<group>";
		};
		527754EB2A9CB8FB0072222E /* TabbarController */ = {
			isa = PBXGroup;
			children = (
				527754EC2A9CB9240072222E /* TabbarViewController.swift */,
			);
			path = TabbarController;
			sourceTree = "<group>";
		};
		527754EE2A9CBABF0072222E /* homeScreen */ = {
			isa = PBXGroup;
			children = (
				526FAC2A2AD90C7D009828A3 /* Model */,
				52AD091D2B21D15B003AEB53 /* View */,
				5276CCA12A9DE4B6004558F5 /* ViewModel */,
			);
			path = homeScreen;
			sourceTree = "<group>";
		};
		528C8F662AA087260056F056 /* ViewModel */ = {
			isa = PBXGroup;
			children = (
				528C8F672AA087580056F056 /* DetailViewModel.swift */,
			);
			path = ViewModel;
			sourceTree = "<group>";
		};
		528C8F6C2AA099340056F056 /* compare */ = {
			isa = PBXGroup;
			children = (
				528C8F6E2AA0A13B0056F056 /* cell */,
				528C8F6D2AA0A12A0056F056 /* viewcontroller */,
			);
			path = compare;
			sourceTree = "<group>";
		};
		528C8F6D2AA0A12A0056F056 /* viewcontroller */ = {
			isa = PBXGroup;
			children = (
				52E439512AA0AA1500E14C5C /* CompareeViewController.swift */,
			);
			path = viewcontroller;
			sourceTree = "<group>";
		};
		528C8F6E2AA0A13B0056F056 /* cell */ = {
			isa = PBXGroup;
			children = (
				528C8F6F2AA0A15D0056F056 /* CompareTableViewCell.swift */,
				528C8F702AA0A15D0056F056 /* CompareTableViewCell.xib */,
			);
			path = cell;
			sourceTree = "<group>";
		};
		528EA8D42AA1CCA2009264C2 /* review */ = {
			isa = PBXGroup;
			children = (
				52AD06E62B3036CE00CBBB24 /* ViewModel */,
				52AD06E22B30364400CBBB24 /* Model */,
				528EA8D82AA1E24F009264C2 /* cell */,
				528EA8D72AA1E247009264C2 /* viewcontroller */,
			);
			path = review;
			sourceTree = "<group>";
		};
		528EA8D72AA1E247009264C2 /* viewcontroller */ = {
			isa = PBXGroup;
			children = (
				528EA8DD2AA1E78A009264C2 /* RevieweViewController.swift */,
			);
			path = viewcontroller;
			sourceTree = "<group>";
		};
		528EA8D82AA1E24F009264C2 /* cell */ = {
			isa = PBXGroup;
			children = (
				528EA8D92AA1E275009264C2 /* ReviewTableViewCell.swift */,
				528EA8DA2AA1E275009264C2 /* ReviewTableViewCell.xib */,
			);
			path = cell;
			sourceTree = "<group>";
		};
		52A7EA7E2AA1BA19008FE6E0 /* info */ = {
			isa = PBXGroup;
			children = (
				52A7EA7F2AA1BA46008FE6E0 /* InfoViewController.swift */,
			);
			path = info;
			sourceTree = "<group>";
		};
		52AA82622AB08490006B8BD3 /* Localization */ = {
			isa = PBXGroup;
			children = (
				52AA82672AB084C0006B8BD3 /* Localizable.strings */,
				52AA82692AB08A06006B8BD3 /* LocalizationKeys.swift */,
			);
			path = Localization;
			sourceTree = "<group>";
		};
		52AD06E22B30364400CBBB24 /* Model */ = {
			isa = PBXGroup;
			children = (
				52AD06E32B30369900CBBB24 /* ReviewModel.swift */,
			);
			path = Model;
			sourceTree = "<group>";
		};
		52AD06E62B3036CE00CBBB24 /* ViewModel */ = {
			isa = PBXGroup;
			children = (
				52AD06E72B3037BF00CBBB24 /* ReviewViewModel.swift */,
			);
			path = ViewModel;
			sourceTree = "<group>";
		};
		52AD09172B2195B5003AEB53 /* Calsses */ = {
			isa = PBXGroup;
			children = (
				52AD09182B2195EA003AEB53 /* Observable.swift */,
			);
			path = Calsses;
			sourceTree = "<group>";
		};
		52AD091D2B21D15B003AEB53 /* View */ = {
			isa = PBXGroup;
			children = (
				52AD09202B21D18B003AEB53 /* Cell */,
				52AD091E2B21D15B003AEB53 /* HomeViewController.swift */,
			);
			name = View;
			path = View/View;
			sourceTree = "<group>";
		};
		52AD09202B21D18B003AEB53 /* Cell */ = {
			isa = PBXGroup;
			children = (
				52AD09212B21D18B003AEB53 /* ProductCollectionViewCell.xib */,
				52AD09222B21D18B003AEB53 /* TabCollectionViewCell.swift */,
				52AD09232B21D18B003AEB53 /* TabCollectionViewCell.xib */,
				52AD09242B21D18B003AEB53 /* HomeTableViewCell.swift */,
				52AD09252B21D18B003AEB53 /* ProductCollectionViewCell.swift */,
				52AD09262B21D18B003AEB53 /* HomeTableViewCell.xib */,
			);
			name = Cell;
			path = Qaaren/Modules/HomeModule/homeScreen/View/Cell;
			sourceTree = SOURCE_ROOT;
		};
		52B0DD052B32C203007C8A84 /* ViewallModule */ = {
			isa = PBXGroup;
			children = (
				52B0DD062B32C209007C8A84 /* Model */,
				52B0DD0C2B32C5BB007C8A84 /* View */,
				52B0DD092B32C2EE007C8A84 /* ViewModel */,
			);
			name = ViewallModule;
			path = ../../../Qaaren/Qaaren/Modules/ViewallModule;
			sourceTree = "<group>";
		};
		52B0DD062B32C209007C8A84 /* Model */ = {
			isa = PBXGroup;
			children = (
				52B0DD072B32C2B1007C8A84 /* ViewallModule.swift */,
			);
			path = Model;
			sourceTree = "<group>";
		};
		52B0DD092B32C2EE007C8A84 /* ViewModel */ = {
			isa = PBXGroup;
			children = (
				52B0DD0A2B32C31F007C8A84 /* ViewallViewModel.swift */,
			);
			path = ViewModel;
			sourceTree = "<group>";
		};
		52B0DD0C2B32C5BB007C8A84 /* View */ = {
			isa = PBXGroup;
			children = (
				52B0DD0E2B32C5E9007C8A84 /* ViewAllViewController.swift */,
			);
			path = View;
			sourceTree = "<group>";
		};
		52B0E9152AB03E17004C0E59 /* FilterModule */ = {
			isa = PBXGroup;
			children = (
				521A18102A9F111B001E290E /* FilterViewController.swift */,
				52AD06E92B304F5B00CBBB24 /* FilterModel.swift */,
				52AD06EB2B304FBF00CBBB24 /* FilterViewModel.swift */,
			);
			path = FilterModule;
			sourceTree = "<group>";
		};
		52B0E9162AB03E25004C0E59 /* AddReviewModule */ = {
			isa = PBXGroup;
			children = (
				52B0E9172AB03E46004C0E59 /* AddReviewViewController.swift */,
			);
			path = AddReviewModule;
			sourceTree = "<group>";
		};
		52B0E9192AB04625004C0E59 /* Language */ = {
			isa = PBXGroup;
			children = (
				52B0E91A2AB0464A004C0E59 /* LanguageViewController.swift */,
			);
			path = Language;
			sourceTree = "<group>";
		};
		52B198F52AB1993B001B18E8 /* NotificationModule */ = {
			isa = PBXGroup;
			children = (
				52B198F62AB19946001B18E8 /* Notification */,
			);
			path = NotificationModule;
			sourceTree = "<group>";
		};
		52B198F62AB19946001B18E8 /* Notification */ = {
			isa = PBXGroup;
			children = (
				52B198F72AB19966001B18E8 /* NotificationViewController.swift */,
			);
			path = Notification;
			sourceTree = "<group>";
		};
		52B6D15E2AD6A6D000515F2A /* View */ = {
			isa = PBXGroup;
			children = (
				527754D22A9C864C0072222E /* LoginViewController.swift */,
			);
			path = View;
			sourceTree = "<group>";
		};
		52B6D15F2AD6A6DC00515F2A /* Model */ = {
			isa = PBXGroup;
			children = (
				52B6D1602AD6A6EE00515F2A /* LoginModel.swift */,
			);
			path = Model;
			sourceTree = "<group>";
		};
		52B6D1622AD6A74F00515F2A /* ViewModel */ = {
			isa = PBXGroup;
			children = (
				52B6D1632AD6A77700515F2A /* LoginViewModel.swift */,
			);
			path = ViewModel;
			sourceTree = "<group>";
		};
		52B6D1652AD6A7F400515F2A /* Networking */ = {
			isa = PBXGroup;
			children = (
				52B6D1662AD6A7F400515F2A /* AppError.swift */,
				52B6D1672AD6A7F400515F2A /* URLSession+Extension.swift */,
				52B6D1682AD6A7F400515F2A /* Networking.swift */,
				52B6D1692AD6A7F400515F2A /* Method.swift */,
				52B6D16A2AD6A7F400515F2A /* ApiResponse.swift */,
				52B6D16B2AD6A7F400515F2A /* Route.swift */,
			);
			path = Networking;
			sourceTree = "<group>";
		};
		52BD2FF32AA5D7CE0075F39D /* alert */ = {
			isa = PBXGroup;
			children = (
				52BD2FF42AA5D7DA0075F39D /* viewcontroller */,
				524FB47F2B32FDBB0020A8CA /* AlertViewModel.swift */,
			);
			path = alert;
			sourceTree = "<group>";
		};
		52BD2FF42AA5D7DA0075F39D /* viewcontroller */ = {
			isa = PBXGroup;
			children = (
				52BD2FF52AA5D7EE0075F39D /* AlertViewController.swift */,
			);
			path = viewcontroller;
			sourceTree = "<group>";
		};
		52BD2FF72AA5DD850075F39D /* Map */ = {
			isa = PBXGroup;
			children = (
				52BD2FF82AA5DD8F0075F39D /* viewcontroller */,
			);
			path = Map;
			sourceTree = "<group>";
		};
		52BD2FF82AA5DD8F0075F39D /* viewcontroller */ = {
			isa = PBXGroup;
			children = (
				52BD2FF92AA5DDA40075F39D /* MapViewController.swift */,
				52BD2FFB2AA5E4710075F39D /* FullScreenMapViewController.swift */,
			);
			path = viewcontroller;
			sourceTree = "<group>";
		};
		52C660602AA9DCAD0012126A /* ProfileModule */ = {
			isa = PBXGroup;
			children = (
				521C8CF12AAB0899009B673A /* MySourceModule */,
				521C8CE82AAB0254009B673A /* MyCategoryModule */,
				52C660702AA9EA0F0012126A /* PersonalInformation */,
				52C660612AA9DCC80012126A /* ProfileHome */,
			);
			path = ProfileModule;
			sourceTree = "<group>";
		};
		52C660612AA9DCC80012126A /* ProfileHome */ = {
			isa = PBXGroup;
			children = (
				522C98512AD55D930099A05E /* view */,
			);
			path = ProfileHome;
			sourceTree = "<group>";
		};
		52C660652AA9DF440012126A /* Views */ = {
			isa = PBXGroup;
			children = (
				521C8CDC2AAAEEAC009B673A /* ButtonsView */,
				52C660662AA9DF500012126A /* HeaderView */,
			);
			path = Views;
			sourceTree = "<group>";
		};
		52C660662AA9DF500012126A /* HeaderView */ = {
			isa = PBXGroup;
			children = (
				52C660672AA9DF610012126A /* HeaderView.xib */,
				52C660692AA9DF760012126A /* HeaderView.swift */,
			);
			path = HeaderView;
			sourceTree = "<group>";
		};
		52C660702AA9EA0F0012126A /* PersonalInformation */ = {
			isa = PBXGroup;
			children = (
				52C660712AA9EA280012126A /* View */,
				52C9F2812B31754900E28A64 /* ProfileModel.swift */,
				52C9F2832B31759500E28A64 /* ProfileViewModel.swift */,
			);
			path = PersonalInformation;
			sourceTree = "<group>";
		};
		52C660712AA9EA280012126A /* View */ = {
			isa = PBXGroup;
			children = (
				52C660742AA9EBF90012126A /* InformationViewController.swift */,
			);
			path = View;
			sourceTree = "<group>";
		};
		52D3081C2AA0636E008166D9 /* viewcontroller */ = {
			isa = PBXGroup;
			children = (
				526C2E9F2A9F57BB0032EF94 /* DetailViewController.swift */,
			);
			path = viewcontroller;
			sourceTree = "<group>";
		};
		6E94481721E860FC11840E9A /* Frameworks */ = {
			isa = PBXGroup;
			children = (
				C332AA031B3987B51448D5FC /* Pods_Qaaren.framework */,
			);
			name = Frameworks;
			sourceTree = "<group>";
		};
/* End PBXGroup section */

/* Begin PBXNativeTarget section */
		5277549E2A9C80EF0072222E /* Qaaren */ = {
			isa = PBXNativeTarget;
			buildConfigurationList = 527754B32A9C80F10072222E /* Build configuration list for PBXNativeTarget "Qaaren" */;
			buildPhases = (
				84F5C5D7B10E4F89D8CD4F1D /* [CP] Check Pods Manifest.lock */,
				5277549B2A9C80EF0072222E /* Sources */,
				5277549C2A9C80EF0072222E /* Frameworks */,
				5277549D2A9C80EF0072222E /* Resources */,
				EC46BA5F0DC6E58CCB59AD42 /* [CP] Copy Pods Resources */,
				CEA0C2025D07E2EC94258A11 /* [CP] Embed Pods Frameworks */,
			);
			buildRules = (
			);
			dependencies = (
			);
			name = Qaaren;
			productName = Qaaren;
			productReference = 5277549F2A9C80EF0072222E /* Qaaren.app */;
			productType = "com.apple.product-type.application";
		};
/* End PBXNativeTarget section */

/* Begin PBXProject section */
		527754972A9C80EF0072222E /* Project object */ = {
			isa = PBXProject;
			attributes = {
				BuildIndependentTargetsInParallel = 1;
				LastSwiftUpdateCheck = 1420;
				LastUpgradeCheck = 1420;
				TargetAttributes = {
					5277549E2A9C80EF0072222E = {
						CreatedOnToolsVersion = 14.2;
					};
				};
			};
			buildConfigurationList = 5277549A2A9C80EF0072222E /* Build configuration list for PBXProject "Qaaren" */;
			compatibilityVersion = "Xcode 14.0";
			developmentRegion = en;
			hasScannedForEncodings = 0;
			knownRegions = (
				en,
				Base,
				ar,
			);
			mainGroup = 527754962A9C80EF0072222E;
			productRefGroup = 527754A02A9C80EF0072222E /* Products */;
			projectDirPath = "";
			projectRoot = "";
			targets = (
				5277549E2A9C80EF0072222E /* Qaaren */,
			);
		};
/* End PBXProject section */

/* Begin PBXResourcesBuildPhase section */
		5277549D2A9C80EF0072222E /* Resources */ = {
			isa = PBXResourcesBuildPhase;
			buildActionMask = 2147483647;
			files = (
				521C8CEE2AAB028D009B673A /* SelectedCategoryTableViewCell.xib in Resources */,
				527754DD2A9C90990072222E /* manrope-extrabold.otf in Resources */,
				528EA8DC2AA1E275009264C2 /* ReviewTableViewCell.xib in Resources */,
				521A180E2A9F10B8001E290E /* Popup.storyboard in Resources */,
				528C8F722AA0A15D0056F056 /* CompareTableViewCell.xib in Resources */,
				52B198E72AB1868E001B18E8 /* Detail.storyboard in Resources */,
				5246487E2AA7224E004360DC /* Settings.storyboard in Resources */,
				521C8CE02AAAEEB9009B673A /* ButtonsView.xib in Resources */,
				52AD09292B21D18B003AEB53 /* TabCollectionViewCell.xib in Resources */,
				52AD092C2B21D18B003AEB53 /* HomeTableViewCell.xib in Resources */,
				52AA82552AB0837C006B8BD3 /* Splash.storyboard in Resources */,
				52B198E02AB17D8A001B18E8 /* Home.storyboard in Resources */,
				52C660682AA9DF610012126A /* HeaderView.xib in Resources */,
				52AD09272B21D18B003AEB53 /* ProductCollectionViewCell.xib in Resources */,
				527754E42A9C91C90072222E /* manrope-semibold.otf in Resources */,
				52B198EE2AB18FAA001B18E8 /* Categories.storyboard in Resources */,
				527754E12A9C90990072222E /* manrope-thin.otf in Resources */,
				527754DF2A9C90990072222E /* manrope-regular.otf in Resources */,
				52AA825A2AB083DD006B8BD3 /* Auth.storyboard in Resources */,
				524FB4842B330F990020A8CA /* GoogleService-Info.plist in Resources */,
				527754DE2A9C90990072222E /* manrope-light.otf in Resources */,
				52B198F92AB19E39001B18E8 /* Profile.storyboard in Resources */,
				527754E22A9C90990072222E /* manrope-medium.otf in Resources */,
				52AA82652AB084C0006B8BD3 /* Localizable.strings in Resources */,
				52956D202AA86BE50020384C /* launch.gif in Resources */,
				527754AF2A9C80F10072222E /* LaunchScreen.storyboard in Resources */,
				522B46702AA70DB6005F2909 /* CategoriesTableViewCell.xib in Resources */,
				527754E02A9C90990072222E /* manrope-bold.otf in Resources */,
				527754AC2A9C80F10072222E /* Assets.xcassets in Resources */,
				522C98572AD55D940099A05E /* ProfileTableViewCell.xib in Resources */,
			);
			runOnlyForDeploymentPostprocessing = 0;
		};
/* End PBXResourcesBuildPhase section */

/* Begin PBXShellScriptBuildPhase section */
		84F5C5D7B10E4F89D8CD4F1D /* [CP] Check Pods Manifest.lock */ = {
			isa = PBXShellScriptBuildPhase;
			buildActionMask = 2147483647;
			files = (
			);
			inputFileListPaths = (
			);
			inputPaths = (
				"${PODS_PODFILE_DIR_PATH}/Podfile.lock",
				"${PODS_ROOT}/Manifest.lock",
			);
			name = "[CP] Check Pods Manifest.lock";
			outputFileListPaths = (
			);
			outputPaths = (
				"$(DERIVED_FILE_DIR)/Pods-Qaaren-checkManifestLockResult.txt",
			);
			runOnlyForDeploymentPostprocessing = 0;
			shellPath = /bin/sh;
			shellScript = "diff \"${PODS_PODFILE_DIR_PATH}/Podfile.lock\" \"${PODS_ROOT}/Manifest.lock\" > /dev/null\nif [ $? != 0 ] ; then\n    # print error to STDERR\n    echo \"error: The sandbox is not in sync with the Podfile.lock. Run 'pod install' or update your CocoaPods installation.\" >&2\n    exit 1\nfi\n# This output is used by Xcode 'outputs' to avoid re-running this script phase.\necho \"SUCCESS\" > \"${SCRIPT_OUTPUT_FILE_0}\"\n";
			showEnvVarsInLog = 0;
		};
		CEA0C2025D07E2EC94258A11 /* [CP] Embed Pods Frameworks */ = {
			isa = PBXShellScriptBuildPhase;
			buildActionMask = 2147483647;
			files = (
			);
			inputFileListPaths = (
				"${PODS_ROOT}/Target Support Files/Pods-Qaaren/Pods-Qaaren-frameworks-${CONFIGURATION}-input-files.xcfilelist",
			);
			name = "[CP] Embed Pods Frameworks";
			outputFileListPaths = (
				"${PODS_ROOT}/Target Support Files/Pods-Qaaren/Pods-Qaaren-frameworks-${CONFIGURATION}-output-files.xcfilelist",
			);
			runOnlyForDeploymentPostprocessing = 0;
			shellPath = /bin/sh;
			shellScript = "\"${PODS_ROOT}/Target Support Files/Pods-Qaaren/Pods-Qaaren-frameworks.sh\"\n";
			showEnvVarsInLog = 0;
		};
		EC46BA5F0DC6E58CCB59AD42 /* [CP] Copy Pods Resources */ = {
			isa = PBXShellScriptBuildPhase;
			buildActionMask = 2147483647;
			files = (
			);
			inputFileListPaths = (
				"${PODS_ROOT}/Target Support Files/Pods-Qaaren/Pods-Qaaren-resources-${CONFIGURATION}-input-files.xcfilelist",
			);
			name = "[CP] Copy Pods Resources";
			outputFileListPaths = (
				"${PODS_ROOT}/Target Support Files/Pods-Qaaren/Pods-Qaaren-resources-${CONFIGURATION}-output-files.xcfilelist",
			);
			runOnlyForDeploymentPostprocessing = 0;
			shellPath = /bin/sh;
			shellScript = "\"${PODS_ROOT}/Target Support Files/Pods-Qaaren/Pods-Qaaren-resources.sh\"\n";
			showEnvVarsInLog = 0;
		};
/* End PBXShellScriptBuildPhase section */

/* Begin PBXSourcesBuildPhase section */
		5277549B2A9C80EF0072222E /* Sources */ = {
			isa = PBXSourcesBuildPhase;
			buildActionMask = 2147483647;
			files = (
				52BD2FFA2AA5DDA40075F39D /* MapViewController.swift in Sources */,
				527754CA2A9C82FB0072222E /* IBDesignableExtensions.swift in Sources */,
				527754A32A9C80EF0072222E /* AppDelegate.swift in Sources */,
				524FB4802B32FDBB0020A8CA /* AlertViewModel.swift in Sources */,
				52BD2FFC2AA5E4710075F39D /* FullScreenMapViewController.swift in Sources */,
				522C98582AD55D940099A05E /* ProfileViewController.swift in Sources */,
				52B199012AB1AAF4001B18E8 /* SemanticLayout.swift in Sources */,
				5276CCA32A9DE4CB004558F5 /* HomeViewModel.swift in Sources */,
				5246487C2AA71E43004360DC /* SettingsTableViewController.swift in Sources */,
				52AD09282B21D18B003AEB53 /* TabCollectionViewCell.swift in Sources */,
				527754CD2A9C82FB0072222E /* Color.swift in Sources */,
				528EA8DB2AA1E275009264C2 /* ReviewTableViewCell.swift in Sources */,
				52C9F27C2B31680900E28A64 /* MySourcesViewModel.swift in Sources */,
				52AD06E42B30369900CBBB24 /* ReviewModel.swift in Sources */,
				528EA8DE2AA1E78A009264C2 /* RevieweViewController.swift in Sources */,
				521C8CF42AAB08B8009B673A /* MySourcesViewController.swift in Sources */,
				52052F1D2B22FDE300E32F88 /* DetailModel.swift in Sources */,
				52B6D1642AD6A77700515F2A /* LoginViewModel.swift in Sources */,
				52AA826A2AB08A06006B8BD3 /* LocalizationKeys.swift in Sources */,
				52B6D1712AD6A7F400515F2A /* Route.swift in Sources */,
				52B0E91B2AB0464A004C0E59 /* LanguageViewController.swift in Sources */,
				526C2E9C2A9F56BD0032EF94 /* BaseViewController.swift in Sources */,
				52B6D16F2AD6A7F400515F2A /* Method.swift in Sources */,
				52E439522AA0AA1500E14C5C /* CompareeViewController.swift in Sources */,
				52AD06E82B3037BF00CBBB24 /* ReviewViewModel.swift in Sources */,
				527754ED2A9CB9240072222E /* TabbarViewController.swift in Sources */,
				52AD06EE2B30525800CBBB24 /* AllCategoryModel.swift in Sources */,
				524648812AA7243D004360DC /* WishlisViewController.swift in Sources */,
				52B6D16C2AD6A7F400515F2A /* AppError.swift in Sources */,
				520028F02B3AC64E00E28725 /* SearchModel.swift in Sources */,
				527754C82A9C82FB0072222E /* Extensions.swift in Sources */,
				52B0E9182AB03E46004C0E59 /* AddReviewViewController.swift in Sources */,
				527754A52A9C80EF0072222E /* SceneDelegate.swift in Sources */,
				52AD09192B2195EA003AEB53 /* Observable.swift in Sources */,
				52BD2FF62AA5D7EE0075F39D /* AlertViewController.swift in Sources */,
				528855F42B3EE422008B5130 /* PrivacyViewController.swift in Sources */,
				528C8F712AA0A15D0056F056 /* CompareTableViewCell.swift in Sources */,
				52AD091F2B21D15B003AEB53 /* HomeViewController.swift in Sources */,
				52C9F2802B3170B200E28A64 /* MyWishlistModel.swift in Sources */,
				52C9F2842B31759500E28A64 /* ProfileViewModel.swift in Sources */,
				52C9F2822B31754900E28A64 /* ProfileModel.swift in Sources */,
				527754C92A9C82FB0072222E /* Storyboard.swift in Sources */,
				526FAC2C2AD90FC3009828A3 /* HomeModel.swift in Sources */,
				52AD092B2B21D18B003AEB53 /* ProductCollectionViewCell.swift in Sources */,
				524FB47B2B32E3D90020A8CA /* ChangePasswordViewModel.swift in Sources */,
				520028EC2B3ABA5F00E28725 /* AboutViewController.swift in Sources */,
				52C9F27A2B3163E400E28A64 /* MyCategoryViewModel.swift in Sources */,
				522B466F2AA70DB6005F2909 /* CategoriesTableViewCell.swift in Sources */,
				522C985A2AD563FA0099A05E /* OTPViewController.swift in Sources */,
				522C98562AD55D940099A05E /* ProfileTableViewCell.swift in Sources */,
				528C8F682AA087580056F056 /* DetailViewModel.swift in Sources */,
				52B6D1702AD6A7F400515F2A /* ApiResponse.swift in Sources */,
				526C2EA02A9F57BB0032EF94 /* DetailViewController.swift in Sources */,
				52AD06EC2B304FBF00CBBB24 /* FilterViewModel.swift in Sources */,
				527754C62A9C82FB0072222E /* Switcher.swift in Sources */,
				52B198F82AB19966001B18E8 /* NotificationViewController.swift in Sources */,
				522B466B2AA70BC1005F2909 /* CategoriesViewController.swift in Sources */,
				52C6606A2AA9DF760012126A /* HeaderView.swift in Sources */,
				527754C52A9C82FB0072222E /* Constants.swift in Sources */,
				527754E72A9CAF1A0072222E /* SigninViewController.swift in Sources */,
				52B0DD0F2B32C5E9007C8A84 /* ViewAllViewController.swift in Sources */,
				52AD06EA2B304F5B00CBBB24 /* FilterModel.swift in Sources */,
				521C8CDF2AAAEEB9009B673A /* ButtonsView.swift in Sources */,
				52B0DD082B32C2B1007C8A84 /* ViewallModule.swift in Sources */,
				521A18112A9F111B001E290E /* FilterViewController.swift in Sources */,
				527754CC2A9C82FB0072222E /* Helper.swift in Sources */,
				520A084C2AD6C0CE0032DE06 /* SignupViewModel.swift in Sources */,
				521C8CE72AAAF65C009B673A /* SourcesViewController.swift in Sources */,
				52AD092E2B21D1B1003AEB53 /* ProductCellViewModel.swift in Sources */,
				521C8CF02AAB03D2009B673A /* MyCategoryViewController.swift in Sources */,
				52C9F27E2B316F6200E28A64 /* MyWishlistViewModel.swift in Sources */,
				52B0DD0B2B32C31F007C8A84 /* ViewallViewModel.swift in Sources */,
				527754CB2A9C82FB0072222E /* UserDefaults+Extension.swift in Sources */,
				52A7EA802AA1BA46008FE6E0 /* InfoViewController.swift in Sources */,
				521C8CED2AAB028D009B673A /* SelectedCategoryTableViewCell.swift in Sources */,
				527754D32A9C864C0072222E /* LoginViewController.swift in Sources */,
				52B6D16D2AD6A7F400515F2A /* URLSession+Extension.swift in Sources */,
				52E3A7EC2AAF0DAF00514F3D /* AutoSizingUiTableView.swift in Sources */,
				52AD06F02B3052D000CBBB24 /* AllCategoryViewModel.swift in Sources */,
				524FB47E2B32F1BC0020A8CA /* ChangePasswordViewController.swift in Sources */,
				520A08492AD6C0560032DE06 /* SignupModel.swift in Sources */,
				52B6D1612AD6A6EE00515F2A /* LoginModel.swift in Sources */,
				521A18152A9F23D7001E290E /* SplashViewController.swift in Sources */,
				521C8CE52AAAF488009B673A /* CategorySourcesViewController.swift in Sources */,
				52B6D16E2AD6A7F400515F2A /* Networking.swift in Sources */,
				52AD092A2B21D18B003AEB53 /* HomeTableViewCell.swift in Sources */,
				52C660752AA9EBF90012126A /* InformationViewController.swift in Sources */,
			);
			runOnlyForDeploymentPostprocessing = 0;
		};
/* End PBXSourcesBuildPhase section */

/* Begin PBXVariantGroup section */
		527754AD2A9C80F10072222E /* LaunchScreen.storyboard */ = {
			isa = PBXVariantGroup;
			children = (
				527754AE2A9C80F10072222E /* Base */,
				52AA825F2AB08404006B8BD3 /* ar */,
			);
			name = LaunchScreen.storyboard;
			sourceTree = "<group>";
		};
		52AA82572AB0837C006B8BD3 /* Splash.storyboard */ = {
			isa = PBXVariantGroup;
			children = (
				52AA82562AB0837C006B8BD3 /* Base */,
				52AA82592AB08387006B8BD3 /* en */,
				52AA82602AB08404006B8BD3 /* ar */,
			);
			name = Splash.storyboard;
			sourceTree = "<group>";
		};
		52AA825C2AB083DD006B8BD3 /* Auth.storyboard */ = {
			isa = PBXVariantGroup;
			children = (
				52AA825B2AB083DD006B8BD3 /* Base */,
				52AA825E2AB083E5006B8BD3 /* en */,
				52AA82612AB08404006B8BD3 /* ar */,
			);
			name = Auth.storyboard;
			sourceTree = "<group>";
		};
		52AA82672AB084C0006B8BD3 /* Localizable.strings */ = {
			isa = PBXVariantGroup;
			children = (
				52AA82662AB084C0006B8BD3 /* en */,
				52AA82682AB084C2006B8BD3 /* ar */,
			);
			name = Localizable.strings;
			sourceTree = "<group>";
		};
		52B198E22AB17D8A001B18E8 /* Home.storyboard */ = {
			isa = PBXVariantGroup;
			children = (
				52B198E12AB17D8A001B18E8 /* Base */,
				52B198E42AB17D92001B18E8 /* en */,
				52B198E62AB17D98001B18E8 /* ar */,
			);
			name = Home.storyboard;
			sourceTree = "<group>";
		};
		52B198E92AB1868E001B18E8 /* Detail.storyboard */ = {
			isa = PBXVariantGroup;
			children = (
				52B198E82AB1868E001B18E8 /* Base */,
				52B198EB2AB18697001B18E8 /* en */,
				52B198ED2AB1869C001B18E8 /* ar */,
			);
			name = Detail.storyboard;
			sourceTree = "<group>";
		};
		52B198F02AB18FAA001B18E8 /* Categories.storyboard */ = {
			isa = PBXVariantGroup;
			children = (
				52B198EF2AB18FAA001B18E8 /* Base */,
				52B198F22AB18FB3001B18E8 /* en */,
				52B198F42AB18FB5001B18E8 /* ar */,
			);
			name = Categories.storyboard;
			sourceTree = "<group>";
		};
		52B198FB2AB19E39001B18E8 /* Profile.storyboard */ = {
			isa = PBXVariantGroup;
			children = (
				52B198FA2AB19E39001B18E8 /* Base */,
				52B198FD2AB19E3B001B18E8 /* en */,
				52B198FF2AB19E3E001B18E8 /* ar */,
			);
			name = Profile.storyboard;
			sourceTree = "<group>";
		};
/* End PBXVariantGroup section */

/* Begin XCBuildConfiguration section */
		527754B12A9C80F10072222E /* Debug */ = {
			isa = XCBuildConfiguration;
			buildSettings = {
				ALWAYS_SEARCH_USER_PATHS = NO;
				CLANG_ANALYZER_LOCALIZABILITY_NONLOCALIZED = YES;
				CLANG_ANALYZER_NONNULL = YES;
				CLANG_ANALYZER_NUMBER_OBJECT_CONVERSION = YES_AGGRESSIVE;
				CLANG_CXX_LANGUAGE_STANDARD = "gnu++20";
				CLANG_ENABLE_MODULES = YES;
				CLANG_ENABLE_OBJC_ARC = YES;
				CLANG_ENABLE_OBJC_WEAK = YES;
				CLANG_WARN_BLOCK_CAPTURE_AUTORELEASING = YES;
				CLANG_WARN_BOOL_CONVERSION = YES;
				CLANG_WARN_COMMA = YES;
				CLANG_WARN_CONSTANT_CONVERSION = YES;
				CLANG_WARN_DEPRECATED_OBJC_IMPLEMENTATIONS = YES;
				CLANG_WARN_DIRECT_OBJC_ISA_USAGE = YES_ERROR;
				CLANG_WARN_DOCUMENTATION_COMMENTS = YES;
				CLANG_WARN_EMPTY_BODY = YES;
				CLANG_WARN_ENUM_CONVERSION = YES;
				CLANG_WARN_INFINITE_RECURSION = YES;
				CLANG_WARN_INT_CONVERSION = YES;
				CLANG_WARN_NON_LITERAL_NULL_CONVERSION = YES;
				CLANG_WARN_OBJC_IMPLICIT_RETAIN_SELF = YES;
				CLANG_WARN_OBJC_LITERAL_CONVERSION = YES;
				CLANG_WARN_OBJC_ROOT_CLASS = YES_ERROR;
				CLANG_WARN_QUOTED_INCLUDE_IN_FRAMEWORK_HEADER = YES;
				CLANG_WARN_RANGE_LOOP_ANALYSIS = YES;
				CLANG_WARN_STRICT_PROTOTYPES = YES;
				CLANG_WARN_SUSPICIOUS_MOVE = YES;
				CLANG_WARN_UNGUARDED_AVAILABILITY = YES_AGGRESSIVE;
				CLANG_WARN_UNREACHABLE_CODE = YES;
				CLANG_WARN__DUPLICATE_METHOD_MATCH = YES;
				COPY_PHASE_STRIP = NO;
				DEBUG_INFORMATION_FORMAT = dwarf;
				ENABLE_STRICT_OBJC_MSGSEND = YES;
				ENABLE_TESTABILITY = YES;
				GCC_C_LANGUAGE_STANDARD = gnu11;
				GCC_DYNAMIC_NO_PIC = NO;
				GCC_NO_COMMON_BLOCKS = YES;
				GCC_OPTIMIZATION_LEVEL = 0;
				GCC_PREPROCESSOR_DEFINITIONS = (
					"DEBUG=1",
					"$(inherited)",
				);
				GCC_WARN_64_TO_32_BIT_CONVERSION = YES;
				GCC_WARN_ABOUT_RETURN_TYPE = YES_ERROR;
				GCC_WARN_UNDECLARED_SELECTOR = YES;
				GCC_WARN_UNINITIALIZED_AUTOS = YES_AGGRESSIVE;
				GCC_WARN_UNUSED_FUNCTION = YES;
				GCC_WARN_UNUSED_VARIABLE = YES;
				IPHONEOS_DEPLOYMENT_TARGET = 16.2;
				MTL_ENABLE_DEBUG_INFO = INCLUDE_SOURCE;
				MTL_FAST_MATH = YES;
				ONLY_ACTIVE_ARCH = YES;
				SDKROOT = iphoneos;
				SWIFT_ACTIVE_COMPILATION_CONDITIONS = DEBUG;
				SWIFT_OPTIMIZATION_LEVEL = "-Onone";
			};
			name = Debug;
		};
		527754B22A9C80F10072222E /* Release */ = {
			isa = XCBuildConfiguration;
			buildSettings = {
				ALWAYS_SEARCH_USER_PATHS = NO;
				CLANG_ANALYZER_LOCALIZABILITY_NONLOCALIZED = YES;
				CLANG_ANALYZER_NONNULL = YES;
				CLANG_ANALYZER_NUMBER_OBJECT_CONVERSION = YES_AGGRESSIVE;
				CLANG_CXX_LANGUAGE_STANDARD = "gnu++20";
				CLANG_ENABLE_MODULES = YES;
				CLANG_ENABLE_OBJC_ARC = YES;
				CLANG_ENABLE_OBJC_WEAK = YES;
				CLANG_WARN_BLOCK_CAPTURE_AUTORELEASING = YES;
				CLANG_WARN_BOOL_CONVERSION = YES;
				CLANG_WARN_COMMA = YES;
				CLANG_WARN_CONSTANT_CONVERSION = YES;
				CLANG_WARN_DEPRECATED_OBJC_IMPLEMENTATIONS = YES;
				CLANG_WARN_DIRECT_OBJC_ISA_USAGE = YES_ERROR;
				CLANG_WARN_DOCUMENTATION_COMMENTS = YES;
				CLANG_WARN_EMPTY_BODY = YES;
				CLANG_WARN_ENUM_CONVERSION = YES;
				CLANG_WARN_INFINITE_RECURSION = YES;
				CLANG_WARN_INT_CONVERSION = YES;
				CLANG_WARN_NON_LITERAL_NULL_CONVERSION = YES;
				CLANG_WARN_OBJC_IMPLICIT_RETAIN_SELF = YES;
				CLANG_WARN_OBJC_LITERAL_CONVERSION = YES;
				CLANG_WARN_OBJC_ROOT_CLASS = YES_ERROR;
				CLANG_WARN_QUOTED_INCLUDE_IN_FRAMEWORK_HEADER = YES;
				CLANG_WARN_RANGE_LOOP_ANALYSIS = YES;
				CLANG_WARN_STRICT_PROTOTYPES = YES;
				CLANG_WARN_SUSPICIOUS_MOVE = YES;
				CLANG_WARN_UNGUARDED_AVAILABILITY = YES_AGGRESSIVE;
				CLANG_WARN_UNREACHABLE_CODE = YES;
				CLANG_WARN__DUPLICATE_METHOD_MATCH = YES;
				COPY_PHASE_STRIP = NO;
				DEBUG_INFORMATION_FORMAT = "dwarf-with-dsym";
				ENABLE_NS_ASSERTIONS = NO;
				ENABLE_STRICT_OBJC_MSGSEND = YES;
				GCC_C_LANGUAGE_STANDARD = gnu11;
				GCC_NO_COMMON_BLOCKS = YES;
				GCC_WARN_64_TO_32_BIT_CONVERSION = YES;
				GCC_WARN_ABOUT_RETURN_TYPE = YES_ERROR;
				GCC_WARN_UNDECLARED_SELECTOR = YES;
				GCC_WARN_UNINITIALIZED_AUTOS = YES_AGGRESSIVE;
				GCC_WARN_UNUSED_FUNCTION = YES;
				GCC_WARN_UNUSED_VARIABLE = YES;
				IPHONEOS_DEPLOYMENT_TARGET = 16.2;
				MTL_ENABLE_DEBUG_INFO = NO;
				MTL_FAST_MATH = YES;
				SDKROOT = iphoneos;
				SWIFT_COMPILATION_MODE = wholemodule;
				SWIFT_OPTIMIZATION_LEVEL = "-O";
				VALIDATE_PRODUCT = YES;
			};
			name = Release;
		};
		527754B42A9C80F10072222E /* Debug */ = {
			isa = XCBuildConfiguration;
			baseConfigurationReference = 26B13DD5E5B277A4765F6BCE /* Pods-Qaaren.debug.xcconfig */;
			buildSettings = {
				ASSETCATALOG_COMPILER_APPICON_NAME = AppIcon;
				ASSETCATALOG_COMPILER_GLOBAL_ACCENT_COLOR_NAME = AccentColor;
				CODE_SIGN_ENTITLEMENTS = Qaaren/Qaaren.entitlements;
				CODE_SIGN_STYLE = Automatic;
				CURRENT_PROJECT_VERSION = 2;
				DEVELOPMENT_TEAM = 9K786374U5;
				GENERATE_INFOPLIST_FILE = YES;
				INFOPLIST_FILE = Qaaren/Info.plist;
				INFOPLIST_KEY_NSCameraUsageDescription = "This app requires access to the camera to upload your profile photo.";
				INFOPLIST_KEY_NSPhotoLibraryUsageDescription = "This app requires access to the photo library to upload your profile photo.";
				INFOPLIST_KEY_UIApplicationSupportsIndirectInputEvents = YES;
				INFOPLIST_KEY_UILaunchStoryboardName = LaunchScreen;
				INFOPLIST_KEY_UIMainStoryboardFile = Splash;
				INFOPLIST_KEY_UISupportedInterfaceOrientations = "UIInterfaceOrientationLandscapeLeft UIInterfaceOrientationLandscapeRight UIInterfaceOrientationPortrait UIInterfaceOrientationPortraitUpsideDown";
				IPHONEOS_DEPLOYMENT_TARGET = 15.0;
				LD_RUNPATH_SEARCH_PATHS = (
					"$(inherited)",
					"@executable_path/Frameworks",
				);
				MARKETING_VERSION = 1.0;
				PRODUCT_BUNDLE_IDENTIFIER = com.ngen.qareen;
				PRODUCT_NAME = "$(TARGET_NAME)";
				SWIFT_EMIT_LOC_STRINGS = YES;
				SWIFT_VERSION = 5.0;
				TARGETED_DEVICE_FAMILY = "1,2";
			};
			name = Debug;
		};
		527754B52A9C80F10072222E /* Release */ = {
			isa = XCBuildConfiguration;
			baseConfigurationReference = DB6573A95106F98B9A34BBFD /* Pods-Qaaren.release.xcconfig */;
			buildSettings = {
				ASSETCATALOG_COMPILER_APPICON_NAME = AppIcon;
				ASSETCATALOG_COMPILER_GLOBAL_ACCENT_COLOR_NAME = AccentColor;
				CODE_SIGN_ENTITLEMENTS = Qaaren/Qaaren.entitlements;
				CODE_SIGN_STYLE = Automatic;
				CURRENT_PROJECT_VERSION = 2;
				DEVELOPMENT_TEAM = 9K786374U5;
				GENERATE_INFOPLIST_FILE = YES;
				INFOPLIST_FILE = Qaaren/Info.plist;
				INFOPLIST_KEY_NSCameraUsageDescription = "This app requires access to the camera to upload your profile photo.";
				INFOPLIST_KEY_NSPhotoLibraryUsageDescription = "This app requires access to the photo library to upload your profile photo.";
				INFOPLIST_KEY_UIApplicationSupportsIndirectInputEvents = YES;
				INFOPLIST_KEY_UILaunchStoryboardName = LaunchScreen;
				INFOPLIST_KEY_UIMainStoryboardFile = Splash;
				INFOPLIST_KEY_UISupportedInterfaceOrientations = "UIInterfaceOrientationLandscapeLeft UIInterfaceOrientationLandscapeRight UIInterfaceOrientationPortrait UIInterfaceOrientationPortraitUpsideDown";
				IPHONEOS_DEPLOYMENT_TARGET = 15.0;
				LD_RUNPATH_SEARCH_PATHS = (
					"$(inherited)",
					"@executable_path/Frameworks",
				);
				MARKETING_VERSION = 1.0;
				PRODUCT_BUNDLE_IDENTIFIER = com.ngen.qareen;
				PRODUCT_NAME = "$(TARGET_NAME)";
				SWIFT_EMIT_LOC_STRINGS = YES;
				SWIFT_VERSION = 5.0;
				TARGETED_DEVICE_FAMILY = "1,2";
			};
			name = Release;
		};
/* End XCBuildConfiguration section */

/* Begin XCConfigurationList section */
		5277549A2A9C80EF0072222E /* Build configuration list for PBXProject "Qaaren" */ = {
			isa = XCConfigurationList;
			buildConfigurations = (
				527754B12A9C80F10072222E /* Debug */,
				527754B22A9C80F10072222E /* Release */,
			);
			defaultConfigurationIsVisible = 0;
			defaultConfigurationName = Release;
		};
		527754B32A9C80F10072222E /* Build configuration list for PBXNativeTarget "Qaaren" */ = {
			isa = XCConfigurationList;
			buildConfigurations = (
				527754B42A9C80F10072222E /* Debug */,
				527754B52A9C80F10072222E /* Release */,
			);
			defaultConfigurationIsVisible = 0;
			defaultConfigurationName = Release;
		};
/* End XCConfigurationList section */
	};
	rootObject = 527754972A9C80EF0072222E /* Project object */;
}
